// !$*UTF8*$!
{
	archiveVersion = 1;
	classes = {
	};
	objectVersion = 46;
	objects = {

/* Begin PBXBuildFile section */
		2C0CB1CC1D583422007F6A0F /* MapViewController.m in Sources */ = {isa = PBXBuildFile; fileRef = 2C0CB1CB1D583422007F6A0F /* MapViewController.m */; };
		2C0CB2281D589897007F6A0F /* MapRender.m in Sources */ = {isa = PBXBuildFile; fileRef = 2C0CB2271D589897007F6A0F /* MapRender.m */; };
		2C1F60EB1D47620800226C78 /* arena.c in Sources */ = {isa = PBXBuildFile; fileRef = 2C1F60D91D47620800226C78 /* arena.c */; };
		2C1F60EC1D47620800226C78 /* arith.c in Sources */ = {isa = PBXBuildFile; fileRef = 2C1F60DA1D47620800226C78 /* arith.c */; };
		2C1F60ED1D47620800226C78 /* array.c in Sources */ = {isa = PBXBuildFile; fileRef = 2C1F60DB1D47620800226C78 /* array.c */; };
		2C1F60EE1D47620800226C78 /* assert.c in Sources */ = {isa = PBXBuildFile; fileRef = 2C1F60DC1D47620800226C78 /* assert.c */; };
		2C1F60EF1D47620800226C78 /* atom.c in Sources */ = {isa = PBXBuildFile; fileRef = 2C1F60DD1D47620800226C78 /* atom.c */; };
		2C1F60F01D47620800226C78 /* except.c in Sources */ = {isa = PBXBuildFile; fileRef = 2C1F60DE1D47620800226C78 /* except.c */; };
		2C1F60F11D47620800226C78 /* getword.c in Sources */ = {isa = PBXBuildFile; fileRef = 2C1F60DF1D47620800226C78 /* getword.c */; };
		2C1F60F21D47620800226C78 /* indexminpq.c in Sources */ = {isa = PBXBuildFile; fileRef = 2C1F60E01D47620800226C78 /* indexminpq.c */; };
		2C1F60F31D47620800226C78 /* list.c in Sources */ = {isa = PBXBuildFile; fileRef = 2C1F60E11D47620800226C78 /* list.c */; };
		2C1F60F51D47620800226C78 /* memchk.c in Sources */ = {isa = PBXBuildFile; fileRef = 2C1F60E31D47620800226C78 /* memchk.c */; };
		2C1F60F61D47620800226C78 /* ring.c in Sources */ = {isa = PBXBuildFile; fileRef = 2C1F60E41D47620800226C78 /* ring.c */; };
		2C1F60F71D47620800226C78 /* seq.c in Sources */ = {isa = PBXBuildFile; fileRef = 2C1F60E51D47620800226C78 /* seq.c */; };
		2C1F60F81D47620800226C78 /* set.c in Sources */ = {isa = PBXBuildFile; fileRef = 2C1F60E61D47620800226C78 /* set.c */; };
		2C1F60F91D47620800226C78 /* sparsearray.c in Sources */ = {isa = PBXBuildFile; fileRef = 2C1F60E71D47620800226C78 /* sparsearray.c */; };
		2C1F60FA1D47620800226C78 /* str.c in Sources */ = {isa = PBXBuildFile; fileRef = 2C1F60E81D47620800226C78 /* str.c */; };
		2C1F60FB1D47620800226C78 /* table.c in Sources */ = {isa = PBXBuildFile; fileRef = 2C1F60E91D47620800226C78 /* table.c */; };
		2C1F60FC1D47620800226C78 /* text.c in Sources */ = {isa = PBXBuildFile; fileRef = 2C1F60EA1D47620800226C78 /* text.c */; };
		2C1F611E1D47622800226C78 /* color.c in Sources */ = {isa = PBXBuildFile; fileRef = 2C1F61131D47622800226C78 /* color.c */; };
		2C1F611F1D47622800226C78 /* envelop.c in Sources */ = {isa = PBXBuildFile; fileRef = 2C1F61141D47622800226C78 /* envelop.c */; };
		2C1F61201D47622800226C78 /* mover.c in Sources */ = {isa = PBXBuildFile; fileRef = 2C1F61151D47622800226C78 /* mover.c */; };
		2C1F61211D47622800226C78 /* qcdt.c in Sources */ = {isa = PBXBuildFile; fileRef = 2C1F61161D47622800226C78 /* qcdt.c */; };
		2C1F61221D47622800226C78 /* quadnode.c in Sources */ = {isa = PBXBuildFile; fileRef = 2C1F61171D47622800226C78 /* quadnode.c */; };
		2C1F61231D47622800226C78 /* quadtree.c in Sources */ = {isa = PBXBuildFile; fileRef = 2C1F61181D47622800226C78 /* quadtree.c */; };
		2C1F61241D47622800226C78 /* rbst.c in Sources */ = {isa = PBXBuildFile; fileRef = 2C1F61191D47622800226C78 /* rbst.c */; };
		2C1F61251D47622800226C78 /* routeresult.c in Sources */ = {isa = PBXBuildFile; fileRef = 2C1F611A1D47622800226C78 /* routeresult.c */; };
		2C1F61261D47622800226C78 /* textblock.c in Sources */ = {isa = PBXBuildFile; fileRef = 2C1F611B1D47622800226C78 /* textblock.c */; };
		2C1F61271D47622800226C78 /* utils.c in Sources */ = {isa = PBXBuildFile; fileRef = 2C1F611C1D47622800226C78 /* utils.c */; };
		2C1F61281D47622800226C78 /* vec2.c in Sources */ = {isa = PBXBuildFile; fileRef = 2C1F611D1D47622800226C78 /* vec2.c */; };
		2C1F612A1D4762BF00226C78 /* libz.1.2.5.tbd in Frameworks */ = {isa = PBXBuildFile; fileRef = 2C1F61291D4762BF00226C78 /* libz.1.2.5.tbd */; };
		2C61E8A21D3F6AAA006CAB09 /* main.m in Sources */ = {isa = PBXBuildFile; fileRef = 2C61E8A11D3F6AAA006CAB09 /* main.m */; };
		2C61E8A51D3F6AAA006CAB09 /* AppDelegate.m in Sources */ = {isa = PBXBuildFile; fileRef = 2C61E8A41D3F6AAA006CAB09 /* AppDelegate.m */; };
		2C61E8A81D3F6AAA006CAB09 /* ViewController.m in Sources */ = {isa = PBXBuildFile; fileRef = 2C61E8A71D3F6AAA006CAB09 /* ViewController.m */; };
		2C61E8AB1D3F6AAA006CAB09 /* Main.storyboard in Resources */ = {isa = PBXBuildFile; fileRef = 2C61E8A91D3F6AAA006CAB09 /* Main.storyboard */; };
		2C61E8AD1D3F6AAA006CAB09 /* Assets.xcassets in Resources */ = {isa = PBXBuildFile; fileRef = 2C61E8AC1D3F6AAA006CAB09 /* Assets.xcassets */; };
		2C61E8B01D3F6AAA006CAB09 /* LaunchScreen.storyboard in Resources */ = {isa = PBXBuildFile; fileRef = 2C61E8AE1D3F6AAA006CAB09 /* LaunchScreen.storyboard */; };
		2C61E8B81D3F6B9C006CAB09 /* GLKit.framework in Frameworks */ = {isa = PBXBuildFile; fileRef = 2C61E8B71D3F6B9C006CAB09 /* GLKit.framework */; };
		2C61E8BA1D3F6BA5006CAB09 /* OpenGLES.framework in Frameworks */ = {isa = PBXBuildFile; fileRef = 2C61E8B91D3F6BA5006CAB09 /* OpenGLES.framework */; };
		2CD3D1381D4757B70086DAAB /* gles_25d_c_program.c in Sources */ = {isa = PBXBuildFile; fileRef = 2CD3D1241D4757B70086DAAB /* gles_25d_c_program.c */; };
		2CD3D1391D4757B70086DAAB /* gles_25vec_layer.c in Sources */ = {isa = PBXBuildFile; fileRef = 2CD3D1251D4757B70086DAAB /* gles_25vec_layer.c */; };
		2CD3D13A1D4757B70086DAAB /* gles_2d_c_program.c in Sources */ = {isa = PBXBuildFile; fileRef = 2CD3D1261D4757B70086DAAB /* gles_2d_c_program.c */; };
		2CD3D13B1D4757B70086DAAB /* gles_2d_t_program.c in Sources */ = {isa = PBXBuildFile; fileRef = 2CD3D1271D4757B70086DAAB /* gles_2d_t_program.c */; };
		2CD3D13C1D4757B70086DAAB /* gles_3d_c_program.c in Sources */ = {isa = PBXBuildFile; fileRef = 2CD3D1281D4757B70086DAAB /* gles_3d_c_program.c */; };
		2CD3D13D1D4757B70086DAAB /* gles_font.c in Sources */ = {isa = PBXBuildFile; fileRef = 2CD3D1291D4757B70086DAAB /* gles_font.c */; };
		2CD3D13E1D4757B70086DAAB /* gles_loc_layer.c in Sources */ = {isa = PBXBuildFile; fileRef = 2CD3D12A1D4757B70086DAAB /* gles_loc_layer.c */; };
		2CD3D13F1D4757B70086DAAB /* gles_map.c in Sources */ = {isa = PBXBuildFile; fileRef = 2CD3D12B1D4757B70086DAAB /* gles_map.c */; };
		2CD3D1401D4757B70086DAAB /* gles_map_animation.c in Sources */ = {isa = PBXBuildFile; fileRef = 2CD3D12C1D4757B70086DAAB /* gles_map_animation.c */; };
		2CD3D1411D4757B70086DAAB /* gles_map_render.c in Sources */ = {isa = PBXBuildFile; fileRef = 2CD3D12D1D4757B70086DAAB /* gles_map_render.c */; };
		2CD3D1431D4757B70086DAAB /* gles_matrix.c in Sources */ = {isa = PBXBuildFile; fileRef = 2CD3D12F1D4757B70086DAAB /* gles_matrix.c */; };
		2CD3D1441D4757B70086DAAB /* gles_scene_render.c in Sources */ = {isa = PBXBuildFile; fileRef = 2CD3D1301D4757B70086DAAB /* gles_scene_render.c */; };
		2CD3D1451D4757B70086DAAB /* gles_scene_touchmgr.c in Sources */ = {isa = PBXBuildFile; fileRef = 2CD3D1311D4757B70086DAAB /* gles_scene_touchmgr.c */; };
		2CD3D1471D4757B70086DAAB /* gles_texture_png.c in Sources */ = {isa = PBXBuildFile; fileRef = 2CD3D1331D4757B70086DAAB /* gles_texture_png.c */; };
		2CD3D1481D4757B70086DAAB /* gles_touchmgr.c in Sources */ = {isa = PBXBuildFile; fileRef = 2CD3D1341D4757B70086DAAB /* gles_touchmgr.c */; };
		2CD3D1491D4757B70086DAAB /* gles_unit_layer.c in Sources */ = {isa = PBXBuildFile; fileRef = 2CD3D1351D4757B70086DAAB /* gles_unit_layer.c */; };
		2CD3D14A1D4757B70086DAAB /* gles_utils.c in Sources */ = {isa = PBXBuildFile; fileRef = 2CD3D1361D4757B70086DAAB /* gles_utils.c */; };
		2CD3D14B1D4757B70086DAAB /* gles_vec_layer.c in Sources */ = {isa = PBXBuildFile; fileRef = 2CD3D1371D4757B70086DAAB /* gles_vec_layer.c */; };
		2CD3D2691D4757FD0086DAAB /* .Android.mk.swp in Resources */ = {isa = PBXBuildFile; fileRef = 2CD3D14D1D4757FD0086DAAB /* .Android.mk.swp */; };
		2CD3D26A1D4757FD0086DAAB /* Android.mk in Resources */ = {isa = PBXBuildFile; fileRef = 2CD3D14E1D4757FD0086DAAB /* Android.mk */; };
		2CD3D2771D4757FD0086DAAB /* autofit.c in Sources */ = {isa = PBXBuildFile; fileRef = 2CD3D1C41D4757FD0086DAAB /* autofit.c */; };
		2CD3D27B1D4757FD0086DAAB /* ftbase.c in Sources */ = {isa = PBXBuildFile; fileRef = 2CD3D1CA1D4757FD0086DAAB /* ftbase.c */; };
		2CD3D27C1D4757FD0086DAAB /* ftbbox.c in Sources */ = {isa = PBXBuildFile; fileRef = 2CD3D1CC1D4757FD0086DAAB /* ftbbox.c */; };
		2CD3D27D1D4757FD0086DAAB /* ftbitmap.c in Sources */ = {isa = PBXBuildFile; fileRef = 2CD3D1CD1D4757FD0086DAAB /* ftbitmap.c */; };
		2CD3D2811D4757FD0086DAAB /* ftfstype.c in Sources */ = {isa = PBXBuildFile; fileRef = 2CD3D1D11D4757FD0086DAAB /* ftfstype.c */; };
		2CD3D2821D4757FD0086DAAB /* ftgasp.c in Sources */ = {isa = PBXBuildFile; fileRef = 2CD3D1D21D4757FD0086DAAB /* ftgasp.c */; };
		2CD3D2841D4757FD0086DAAB /* ftglyph.c in Sources */ = {isa = PBXBuildFile; fileRef = 2CD3D1D41D4757FD0086DAAB /* ftglyph.c */; };
		2CD3D2851D4757FD0086DAAB /* ftinit.c in Sources */ = {isa = PBXBuildFile; fileRef = 2CD3D1D51D4757FD0086DAAB /* ftinit.c */; };
		2CD3D2861D4757FD0086DAAB /* ftlcdfil.c in Sources */ = {isa = PBXBuildFile; fileRef = 2CD3D1D61D4757FD0086DAAB /* ftlcdfil.c */; };
		2CD3D28F1D4757FD0086DAAB /* ftstroke.c in Sources */ = {isa = PBXBuildFile; fileRef = 2CD3D1DF1D4757FD0086DAAB /* ftstroke.c */; };
		2CD3D2911D4757FD0086DAAB /* ftsystem.c in Sources */ = {isa = PBXBuildFile; fileRef = 2CD3D1E11D4757FD0086DAAB /* ftsystem.c */; };
		2CD3D2931D4757FD0086DAAB /* fttype1.c in Sources */ = {isa = PBXBuildFile; fileRef = 2CD3D1E31D4757FD0086DAAB /* fttype1.c */; };
		2CD3D2961D4757FD0086DAAB /* ftxf86.c in Sources */ = {isa = PBXBuildFile; fileRef = 2CD3D1E61D4757FD0086DAAB /* ftxf86.c */; };
		2CD3D29D1D4757FD0086DAAB /* cff.c in Sources */ = {isa = PBXBuildFile; fileRef = 2CD3D1F41D4757FD0086DAAB /* cff.c */; };
		2CD3D2AF1D4757FD0086DAAB /* pshinter.c in Sources */ = {isa = PBXBuildFile; fileRef = 2CD3D21C1D4757FD0086DAAB /* pshinter.c */; };
		2CD3D2B41D4757FD0086DAAB /* psnames.c in Sources */ = {isa = PBXBuildFile; fileRef = 2CD3D2281D4757FD0086DAAB /* psnames.c */; };
		2CD3D2B81D4757FD0086DAAB /* raster.c in Sources */ = {isa = PBXBuildFile; fileRef = 2CD3D2321D4757FD0086DAAB /* raster.c */; };
		2CD3D2BB1D4757FD0086DAAB /* sfnt.c in Sources */ = {isa = PBXBuildFile; fileRef = 2CD3D23A1D4757FD0086DAAB /* sfnt.c */; };
		2CD3D2C91D4757FD0086DAAB /* smooth.c in Sources */ = {isa = PBXBuildFile; fileRef = 2CD3D2571D4757FD0086DAAB /* smooth.c */; };
		2CD3D2CA1D4757FD0086DAAB /* truetype.c in Sources */ = {isa = PBXBuildFile; fileRef = 2CD3D2591D4757FD0086DAAB /* truetype.c */; };
		2CD3D2FF1D4758900086DAAB /* 1.5.13.txt in Resources */ = {isa = PBXBuildFile; fileRef = 2CD3D2E51D4758900086DAAB /* 1.5.13.txt */; };
		2CD3D3001D4758900086DAAB /* Android.mk in Resources */ = {isa = PBXBuildFile; fileRef = 2CD3D2E61D4758900086DAAB /* Android.mk */; };
		2CD3D3011D4758900086DAAB /* png.c in Sources */ = {isa = PBXBuildFile; fileRef = 2CD3D2E71D4758900086DAAB /* png.c */; };
		2CD3D3021D4758900086DAAB /* pngerror.c in Sources */ = {isa = PBXBuildFile; fileRef = 2CD3D2EB1D4758900086DAAB /* pngerror.c */; };
		2CD3D3031D4758900086DAAB /* pngget.c in Sources */ = {isa = PBXBuildFile; fileRef = 2CD3D2EC1D4758900086DAAB /* pngget.c */; };
		2CD3D3041D4758900086DAAB /* pngmem.c in Sources */ = {isa = PBXBuildFile; fileRef = 2CD3D2EF1D4758900086DAAB /* pngmem.c */; };
		2CD3D3051D4758900086DAAB /* pngpread.c in Sources */ = {isa = PBXBuildFile; fileRef = 2CD3D2F01D4758900086DAAB /* pngpread.c */; };
		2CD3D3061D4758900086DAAB /* pngread.c in Sources */ = {isa = PBXBuildFile; fileRef = 2CD3D2F21D4758900086DAAB /* pngread.c */; };
		2CD3D3071D4758900086DAAB /* pngrio.c in Sources */ = {isa = PBXBuildFile; fileRef = 2CD3D2F31D4758900086DAAB /* pngrio.c */; };
		2CD3D3081D4758900086DAAB /* pngrtran.c in Sources */ = {isa = PBXBuildFile; fileRef = 2CD3D2F41D4758900086DAAB /* pngrtran.c */; };
		2CD3D3091D4758900086DAAB /* pngrutil.c in Sources */ = {isa = PBXBuildFile; fileRef = 2CD3D2F51D4758900086DAAB /* pngrutil.c */; };
		2CD3D30A1D4758900086DAAB /* pngset.c in Sources */ = {isa = PBXBuildFile; fileRef = 2CD3D2F61D4758900086DAAB /* pngset.c */; };
		2CD3D30C1D4758900086DAAB /* pngtrans.c in Sources */ = {isa = PBXBuildFile; fileRef = 2CD3D2F91D4758900086DAAB /* pngtrans.c */; };
		2CD3D30D1D4758900086DAAB /* pngwio.c in Sources */ = {isa = PBXBuildFile; fileRef = 2CD3D2FA1D4758900086DAAB /* pngwio.c */; };
		2CD3D30E1D4758900086DAAB /* pngwrite.c in Sources */ = {isa = PBXBuildFile; fileRef = 2CD3D2FB1D4758900086DAAB /* pngwrite.c */; };
		2CD3D30F1D4758900086DAAB /* pngwtran.c in Sources */ = {isa = PBXBuildFile; fileRef = 2CD3D2FC1D4758900086DAAB /* pngwtran.c */; };
		2CD3D3101D4758900086DAAB /* pngwutil.c in Sources */ = {isa = PBXBuildFile; fileRef = 2CD3D2FD1D4758900086DAAB /* pngwutil.c */; };
		2CD3D3111D4758900086DAAB /* README in Resources */ = {isa = PBXBuildFile; fileRef = 2CD3D2FE1D4758900086DAAB /* README */; };
		2CD57D691D5483520089332F /* SimpleVertex.glsl in Resources */ = {isa = PBXBuildFile; fileRef = 2CD57D681D5483520089332F /* SimpleVertex.glsl */; };
		2CD57D6B1D5483EA0089332F /* SimpleFragment.glsl in Resources */ = {isa = PBXBuildFile; fileRef = 2CD57D6A1D5483EA0089332F /* SimpleFragment.glsl */; };
		2CD57D6E1D5493950089332F /* GLESUtils.m in Sources */ = {isa = PBXBuildFile; fileRef = 2CD57D6D1D5493950089332F /* GLESUtils.m */; };
		2CE450021D59E3A8006940F2 /* Media.xcassets in Resources */ = {isa = PBXBuildFile; fileRef = 2CE450011D59E3A8006940F2 /* Media.xcassets */; };
		2CE450041D59E5DE006940F2 /* glres in Resources */ = {isa = PBXBuildFile; fileRef = 2CE450031D59E5DE006940F2 /* glres */; };
		2CE450051D5ABE50006940F2 /* gles_marker_layer.c in Sources */ = {isa = PBXBuildFile; fileRef = 2CD3D12E1D4757B70086DAAB /* gles_marker_layer.c */; };
		2CE450061D5AF53C006940F2 /* LE.vbf in Resources */ = {isa = PBXBuildFile; fileRef = 2CE450001D59E2DF006940F2 /* LE.vbf */; };
/* End PBXBuildFile section */

/* Begin PBXFileReference section */
		2C0CB1CA1D583422007F6A0F /* MapViewController.h */ = {isa = PBXFileReference; fileEncoding = 4; lastKnownFileType = sourcecode.c.h; path = MapViewController.h; sourceTree = "<group>"; };
		2C0CB1CB1D583422007F6A0F /* MapViewController.m */ = {isa = PBXFileReference; explicitFileType = sourcecode.cpp.objcpp; fileEncoding = 4; path = MapViewController.m; sourceTree = "<group>"; };
		2C0CB2261D589897007F6A0F /* MapRender.h */ = {isa = PBXFileReference; fileEncoding = 4; lastKnownFileType = sourcecode.c.h; path = MapRender.h; sourceTree = "<group>"; };
		2C0CB2271D589897007F6A0F /* MapRender.m */ = {isa = PBXFileReference; explicitFileType = sourcecode.c.objc; fileEncoding = 4; path = MapRender.m; sourceTree = "<group>"; };
		2C1F60C61D47620800226C78 /* arena.h */ = {isa = PBXFileReference; fileEncoding = 4; lastKnownFileType = sourcecode.c.h; path = arena.h; sourceTree = "<group>"; };
		2C1F60C71D47620800226C78 /* arith.h */ = {isa = PBXFileReference; fileEncoding = 4; lastKnownFileType = sourcecode.c.h; path = arith.h; sourceTree = "<group>"; };
		2C1F60C81D47620800226C78 /* array.h */ = {isa = PBXFileReference; fileEncoding = 4; lastKnownFileType = sourcecode.c.h; path = array.h; sourceTree = "<group>"; };
		2C1F60C91D47620800226C78 /* arrayrep.h */ = {isa = PBXFileReference; fileEncoding = 4; lastKnownFileType = sourcecode.c.h; path = arrayrep.h; sourceTree = "<group>"; };
		2C1F60CA1D47620800226C78 /* assert.h */ = {isa = PBXFileReference; fileEncoding = 4; lastKnownFileType = sourcecode.c.h; path = assert.h; sourceTree = "<group>"; };
		2C1F60CB1D47620800226C78 /* atom.h */ = {isa = PBXFileReference; fileEncoding = 4; lastKnownFileType = sourcecode.c.h; path = atom.h; sourceTree = "<group>"; };
		2C1F60CC1D47620800226C78 /* except.h */ = {isa = PBXFileReference; fileEncoding = 4; lastKnownFileType = sourcecode.c.h; path = except.h; sourceTree = "<group>"; };
		2C1F60CD1D47620800226C78 /* getword.h */ = {isa = PBXFileReference; fileEncoding = 4; lastKnownFileType = sourcecode.c.h; path = getword.h; sourceTree = "<group>"; };
		2C1F60CE1D47620800226C78 /* indexminpq.h */ = {isa = PBXFileReference; fileEncoding = 4; lastKnownFileType = sourcecode.c.h; path = indexminpq.h; sourceTree = "<group>"; };
		2C1F60CF1D47620800226C78 /* list.h */ = {isa = PBXFileReference; fileEncoding = 4; lastKnownFileType = sourcecode.c.h; path = list.h; sourceTree = "<group>"; };
		2C1F60D01D47620800226C78 /* mem.h */ = {isa = PBXFileReference; fileEncoding = 4; lastKnownFileType = sourcecode.c.h; path = mem.h; sourceTree = "<group>"; };
		2C1F60D11D47620800226C78 /* ring.h */ = {isa = PBXFileReference; fileEncoding = 4; lastKnownFileType = sourcecode.c.h; path = ring.h; sourceTree = "<group>"; };
		2C1F60D21D47620800226C78 /* seq.h */ = {isa = PBXFileReference; fileEncoding = 4; lastKnownFileType = sourcecode.c.h; path = seq.h; sourceTree = "<group>"; };
		2C1F60D31D47620800226C78 /* set.h */ = {isa = PBXFileReference; fileEncoding = 4; lastKnownFileType = sourcecode.c.h; path = set.h; sourceTree = "<group>"; };
		2C1F60D41D47620800226C78 /* sparsearray.h */ = {isa = PBXFileReference; fileEncoding = 4; lastKnownFileType = sourcecode.c.h; path = sparsearray.h; sourceTree = "<group>"; };
		2C1F60D51D47620800226C78 /* str.h */ = {isa = PBXFileReference; fileEncoding = 4; lastKnownFileType = sourcecode.c.h; path = str.h; sourceTree = "<group>"; };
		2C1F60D61D47620800226C78 /* table.h */ = {isa = PBXFileReference; fileEncoding = 4; lastKnownFileType = sourcecode.c.h; path = table.h; sourceTree = "<group>"; };
		2C1F60D71D47620800226C78 /* text.h */ = {isa = PBXFileReference; fileEncoding = 4; lastKnownFileType = sourcecode.c.h; path = text.h; sourceTree = "<group>"; };
		2C1F60D91D47620800226C78 /* arena.c */ = {isa = PBXFileReference; fileEncoding = 4; lastKnownFileType = sourcecode.c.c; path = arena.c; sourceTree = "<group>"; };
		2C1F60DA1D47620800226C78 /* arith.c */ = {isa = PBXFileReference; fileEncoding = 4; lastKnownFileType = sourcecode.c.c; path = arith.c; sourceTree = "<group>"; };
		2C1F60DB1D47620800226C78 /* array.c */ = {isa = PBXFileReference; fileEncoding = 4; lastKnownFileType = sourcecode.c.c; path = array.c; sourceTree = "<group>"; };
		2C1F60DC1D47620800226C78 /* assert.c */ = {isa = PBXFileReference; fileEncoding = 4; lastKnownFileType = sourcecode.c.c; path = assert.c; sourceTree = "<group>"; };
		2C1F60DD1D47620800226C78 /* atom.c */ = {isa = PBXFileReference; fileEncoding = 4; lastKnownFileType = sourcecode.c.c; path = atom.c; sourceTree = "<group>"; };
		2C1F60DE1D47620800226C78 /* except.c */ = {isa = PBXFileReference; fileEncoding = 4; lastKnownFileType = sourcecode.c.c; path = except.c; sourceTree = "<group>"; };
		2C1F60DF1D47620800226C78 /* getword.c */ = {isa = PBXFileReference; fileEncoding = 4; lastKnownFileType = sourcecode.c.c; path = getword.c; sourceTree = "<group>"; };
		2C1F60E01D47620800226C78 /* indexminpq.c */ = {isa = PBXFileReference; fileEncoding = 4; lastKnownFileType = sourcecode.c.c; path = indexminpq.c; sourceTree = "<group>"; };
		2C1F60E11D47620800226C78 /* list.c */ = {isa = PBXFileReference; fileEncoding = 4; lastKnownFileType = sourcecode.c.c; path = list.c; sourceTree = "<group>"; };
		2C1F60E31D47620800226C78 /* memchk.c */ = {isa = PBXFileReference; fileEncoding = 4; lastKnownFileType = sourcecode.c.c; path = memchk.c; sourceTree = "<group>"; };
		2C1F60E41D47620800226C78 /* ring.c */ = {isa = PBXFileReference; fileEncoding = 4; lastKnownFileType = sourcecode.c.c; path = ring.c; sourceTree = "<group>"; };
		2C1F60E51D47620800226C78 /* seq.c */ = {isa = PBXFileReference; fileEncoding = 4; lastKnownFileType = sourcecode.c.c; path = seq.c; sourceTree = "<group>"; };
		2C1F60E61D47620800226C78 /* set.c */ = {isa = PBXFileReference; fileEncoding = 4; lastKnownFileType = sourcecode.c.c; path = set.c; sourceTree = "<group>"; };
		2C1F60E71D47620800226C78 /* sparsearray.c */ = {isa = PBXFileReference; fileEncoding = 4; lastKnownFileType = sourcecode.c.c; path = sparsearray.c; sourceTree = "<group>"; };
		2C1F60E81D47620800226C78 /* str.c */ = {isa = PBXFileReference; fileEncoding = 4; lastKnownFileType = sourcecode.c.c; path = str.c; sourceTree = "<group>"; };
		2C1F60E91D47620800226C78 /* table.c */ = {isa = PBXFileReference; fileEncoding = 4; lastKnownFileType = sourcecode.c.c; path = table.c; sourceTree = "<group>"; };
		2C1F60EA1D47620800226C78 /* text.c */ = {isa = PBXFileReference; fileEncoding = 4; lastKnownFileType = sourcecode.c.c; path = text.c; sourceTree = "<group>"; };
		2C1F61071D47622800226C78 /* color.h */ = {isa = PBXFileReference; fileEncoding = 4; lastKnownFileType = sourcecode.c.h; path = color.h; sourceTree = "<group>"; };
		2C1F61081D47622800226C78 /* envelop.h */ = {isa = PBXFileReference; fileEncoding = 4; lastKnownFileType = sourcecode.c.h; path = envelop.h; sourceTree = "<group>"; };
		2C1F61091D47622800226C78 /* mover.h */ = {isa = PBXFileReference; fileEncoding = 4; lastKnownFileType = sourcecode.c.h; path = mover.h; sourceTree = "<group>"; };
		2C1F610A1D47622800226C78 /* qcdt.h */ = {isa = PBXFileReference; fileEncoding = 4; lastKnownFileType = sourcecode.c.h; path = qcdt.h; sourceTree = "<group>"; };
		2C1F610B1D47622800226C78 /* quadnode.h */ = {isa = PBXFileReference; fileEncoding = 4; lastKnownFileType = sourcecode.c.h; path = quadnode.h; sourceTree = "<group>"; };
		2C1F610C1D47622800226C78 /* quadtree.h */ = {isa = PBXFileReference; fileEncoding = 4; lastKnownFileType = sourcecode.c.h; path = quadtree.h; sourceTree = "<group>"; };
		2C1F610D1D47622800226C78 /* rbst.h */ = {isa = PBXFileReference; fileEncoding = 4; lastKnownFileType = sourcecode.c.h; path = rbst.h; sourceTree = "<group>"; };
		2C1F610E1D47622800226C78 /* routeresult.h */ = {isa = PBXFileReference; fileEncoding = 4; lastKnownFileType = sourcecode.c.h; path = routeresult.h; sourceTree = "<group>"; };
		2C1F610F1D47622800226C78 /* textblock.h */ = {isa = PBXFileReference; fileEncoding = 4; lastKnownFileType = sourcecode.c.h; path = textblock.h; sourceTree = "<group>"; };
		2C1F61101D47622800226C78 /* utils.h */ = {isa = PBXFileReference; fileEncoding = 4; lastKnownFileType = sourcecode.c.h; path = utils.h; sourceTree = "<group>"; };
		2C1F61111D47622800226C78 /* vec2.h */ = {isa = PBXFileReference; fileEncoding = 4; lastKnownFileType = sourcecode.c.h; path = vec2.h; sourceTree = "<group>"; };
		2C1F61131D47622800226C78 /* color.c */ = {isa = PBXFileReference; fileEncoding = 4; lastKnownFileType = sourcecode.c.c; path = color.c; sourceTree = "<group>"; };
		2C1F61141D47622800226C78 /* envelop.c */ = {isa = PBXFileReference; fileEncoding = 4; lastKnownFileType = sourcecode.c.c; path = envelop.c; sourceTree = "<group>"; };
		2C1F61151D47622800226C78 /* mover.c */ = {isa = PBXFileReference; fileEncoding = 4; lastKnownFileType = sourcecode.c.c; path = mover.c; sourceTree = "<group>"; };
		2C1F61161D47622800226C78 /* qcdt.c */ = {isa = PBXFileReference; fileEncoding = 4; lastKnownFileType = sourcecode.c.c; path = qcdt.c; sourceTree = "<group>"; };
		2C1F61171D47622800226C78 /* quadnode.c */ = {isa = PBXFileReference; fileEncoding = 4; lastKnownFileType = sourcecode.c.c; path = quadnode.c; sourceTree = "<group>"; };
		2C1F61181D47622800226C78 /* quadtree.c */ = {isa = PBXFileReference; fileEncoding = 4; lastKnownFileType = sourcecode.c.c; path = quadtree.c; sourceTree = "<group>"; };
		2C1F61191D47622800226C78 /* rbst.c */ = {isa = PBXFileReference; fileEncoding = 4; lastKnownFileType = sourcecode.c.c; path = rbst.c; sourceTree = "<group>"; };
		2C1F611A1D47622800226C78 /* routeresult.c */ = {isa = PBXFileReference; fileEncoding = 4; lastKnownFileType = sourcecode.c.c; path = routeresult.c; sourceTree = "<group>"; };
		2C1F611B1D47622800226C78 /* textblock.c */ = {isa = PBXFileReference; fileEncoding = 4; lastKnownFileType = sourcecode.c.c; path = textblock.c; sourceTree = "<group>"; };
		2C1F611C1D47622800226C78 /* utils.c */ = {isa = PBXFileReference; fileEncoding = 4; lastKnownFileType = sourcecode.c.c; path = utils.c; sourceTree = "<group>"; };
		2C1F611D1D47622800226C78 /* vec2.c */ = {isa = PBXFileReference; fileEncoding = 4; lastKnownFileType = sourcecode.c.c; path = vec2.c; sourceTree = "<group>"; };
		2C1F61291D4762BF00226C78 /* libz.1.2.5.tbd */ = {isa = PBXFileReference; lastKnownFileType = "sourcecode.text-based-dylib-definition"; name = libz.1.2.5.tbd; path = usr/lib/libz.1.2.5.tbd; sourceTree = SDKROOT; };
		2C61E89D1D3F6AAA006CAB09 /* TestOpengles.app */ = {isa = PBXFileReference; explicitFileType = wrapper.application; includeInIndex = 0; path = TestOpengles.app; sourceTree = BUILT_PRODUCTS_DIR; };
		2C61E8A11D3F6AAA006CAB09 /* main.m */ = {isa = PBXFileReference; lastKnownFileType = sourcecode.c.objc; path = main.m; sourceTree = "<group>"; };
		2C61E8A31D3F6AAA006CAB09 /* AppDelegate.h */ = {isa = PBXFileReference; lastKnownFileType = sourcecode.c.h; path = AppDelegate.h; sourceTree = "<group>"; };
		2C61E8A41D3F6AAA006CAB09 /* AppDelegate.m */ = {isa = PBXFileReference; lastKnownFileType = sourcecode.c.objc; path = AppDelegate.m; sourceTree = "<group>"; };
		2C61E8A61D3F6AAA006CAB09 /* ViewController.h */ = {isa = PBXFileReference; lastKnownFileType = sourcecode.c.h; path = ViewController.h; sourceTree = "<group>"; };
		2C61E8A71D3F6AAA006CAB09 /* ViewController.m */ = {isa = PBXFileReference; lastKnownFileType = sourcecode.c.objc; path = ViewController.m; sourceTree = "<group>"; };
		2C61E8AA1D3F6AAA006CAB09 /* Base */ = {isa = PBXFileReference; lastKnownFileType = file.storyboard; name = Base; path = Base.lproj/Main.storyboard; sourceTree = "<group>"; };
		2C61E8AC1D3F6AAA006CAB09 /* Assets.xcassets */ = {isa = PBXFileReference; lastKnownFileType = folder.assetcatalog; path = Assets.xcassets; sourceTree = "<group>"; };
		2C61E8AF1D3F6AAA006CAB09 /* Base */ = {isa = PBXFileReference; lastKnownFileType = file.storyboard; name = Base; path = Base.lproj/LaunchScreen.storyboard; sourceTree = "<group>"; };
		2C61E8B11D3F6AAA006CAB09 /* Info.plist */ = {isa = PBXFileReference; lastKnownFileType = text.plist.xml; path = Info.plist; sourceTree = "<group>"; };
		2C61E8B71D3F6B9C006CAB09 /* GLKit.framework */ = {isa = PBXFileReference; lastKnownFileType = wrapper.framework; name = GLKit.framework; path = System/Library/Frameworks/GLKit.framework; sourceTree = SDKROOT; };
		2C61E8B91D3F6BA5006CAB09 /* OpenGLES.framework */ = {isa = PBXFileReference; lastKnownFileType = wrapper.framework; name = OpenGLES.framework; path = System/Library/Frameworks/OpenGLES.framework; sourceTree = SDKROOT; };
		2CD3D10E1D4757B70086DAAB /* gles_25d_c_program.h */ = {isa = PBXFileReference; fileEncoding = 4; lastKnownFileType = sourcecode.c.h; path = gles_25d_c_program.h; sourceTree = "<group>"; };
		2CD3D10F1D4757B70086DAAB /* gles_25vec_layer.h */ = {isa = PBXFileReference; fileEncoding = 4; lastKnownFileType = sourcecode.c.h; path = gles_25vec_layer.h; sourceTree = "<group>"; };
		2CD3D1101D4757B70086DAAB /* gles_2d_c_program.h */ = {isa = PBXFileReference; fileEncoding = 4; lastKnownFileType = sourcecode.c.h; path = gles_2d_c_program.h; sourceTree = "<group>"; };
		2CD3D1111D4757B70086DAAB /* gles_2d_t_program.h */ = {isa = PBXFileReference; fileEncoding = 4; lastKnownFileType = sourcecode.c.h; path = gles_2d_t_program.h; sourceTree = "<group>"; };
		2CD3D1121D4757B70086DAAB /* gles_3d_c_program.h */ = {isa = PBXFileReference; fileEncoding = 4; lastKnownFileType = sourcecode.c.h; path = gles_3d_c_program.h; sourceTree = "<group>"; };
		2CD3D1131D4757B70086DAAB /* gles_font.h */ = {isa = PBXFileReference; fileEncoding = 4; lastKnownFileType = sourcecode.c.h; path = gles_font.h; sourceTree = "<group>"; };
		2CD3D1141D4757B70086DAAB /* gles_loc_layer.h */ = {isa = PBXFileReference; fileEncoding = 4; lastKnownFileType = sourcecode.c.h; path = gles_loc_layer.h; sourceTree = "<group>"; };
		2CD3D1151D4757B70086DAAB /* gles_map.h */ = {isa = PBXFileReference; fileEncoding = 4; lastKnownFileType = sourcecode.c.h; path = gles_map.h; sourceTree = "<group>"; };
		2CD3D1161D4757B70086DAAB /* gles_map_animation.h */ = {isa = PBXFileReference; fileEncoding = 4; lastKnownFileType = sourcecode.c.h; path = gles_map_animation.h; sourceTree = "<group>"; };
		2CD3D1171D4757B70086DAAB /* gles_map_render.h */ = {isa = PBXFileReference; fileEncoding = 4; lastKnownFileType = sourcecode.c.h; path = gles_map_render.h; sourceTree = "<group>"; };
		2CD3D1181D4757B70086DAAB /* gles_marker_layer.h */ = {isa = PBXFileReference; fileEncoding = 4; lastKnownFileType = sourcecode.c.h; path = gles_marker_layer.h; sourceTree = "<group>"; };
		2CD3D1191D4757B70086DAAB /* gles_matrix.h */ = {isa = PBXFileReference; fileEncoding = 4; lastKnownFileType = sourcecode.c.h; path = gles_matrix.h; sourceTree = "<group>"; };
		2CD3D11A1D4757B70086DAAB /* gles_scene_render.h */ = {isa = PBXFileReference; fileEncoding = 4; lastKnownFileType = sourcecode.c.h; path = gles_scene_render.h; sourceTree = "<group>"; };
		2CD3D11B1D4757B70086DAAB /* gles_scene_touchmgr.h */ = {isa = PBXFileReference; fileEncoding = 4; lastKnownFileType = sourcecode.c.h; path = gles_scene_touchmgr.h; sourceTree = "<group>"; };
		2CD3D11D1D4757B70086DAAB /* gles_texture_png.h */ = {isa = PBXFileReference; fileEncoding = 4; lastKnownFileType = sourcecode.c.h; path = gles_texture_png.h; sourceTree = "<group>"; };
		2CD3D11E1D4757B70086DAAB /* gles_touchmgr.h */ = {isa = PBXFileReference; fileEncoding = 4; lastKnownFileType = sourcecode.c.h; path = gles_touchmgr.h; sourceTree = "<group>"; };
		2CD3D11F1D4757B70086DAAB /* gles_unit_layer.h */ = {isa = PBXFileReference; fileEncoding = 4; lastKnownFileType = sourcecode.c.h; path = gles_unit_layer.h; sourceTree = "<group>"; };
		2CD3D1201D4757B70086DAAB /* gles_utils.h */ = {isa = PBXFileReference; fileEncoding = 4; lastKnownFileType = sourcecode.c.h; path = gles_utils.h; sourceTree = "<group>"; };
		2CD3D1211D4757B70086DAAB /* gles_vbfile.h */ = {isa = PBXFileReference; fileEncoding = 4; lastKnownFileType = sourcecode.c.h; path = gles_vbfile.h; sourceTree = "<group>"; };
		2CD3D1221D4757B70086DAAB /* gles_vec_layer.h */ = {isa = PBXFileReference; fileEncoding = 4; lastKnownFileType = sourcecode.c.h; path = gles_vec_layer.h; sourceTree = "<group>"; };
		2CD3D1241D4757B70086DAAB /* gles_25d_c_program.c */ = {isa = PBXFileReference; fileEncoding = 4; lastKnownFileType = sourcecode.c.c; path = gles_25d_c_program.c; sourceTree = "<group>"; };
		2CD3D1251D4757B70086DAAB /* gles_25vec_layer.c */ = {isa = PBXFileReference; fileEncoding = 4; lastKnownFileType = sourcecode.c.c; path = gles_25vec_layer.c; sourceTree = "<group>"; };
		2CD3D1261D4757B70086DAAB /* gles_2d_c_program.c */ = {isa = PBXFileReference; fileEncoding = 4; lastKnownFileType = sourcecode.c.c; path = gles_2d_c_program.c; sourceTree = "<group>"; };
		2CD3D1271D4757B70086DAAB /* gles_2d_t_program.c */ = {isa = PBXFileReference; fileEncoding = 4; lastKnownFileType = sourcecode.c.c; path = gles_2d_t_program.c; sourceTree = "<group>"; };
		2CD3D1281D4757B70086DAAB /* gles_3d_c_program.c */ = {isa = PBXFileReference; fileEncoding = 4; lastKnownFileType = sourcecode.c.c; path = gles_3d_c_program.c; sourceTree = "<group>"; };
		2CD3D1291D4757B70086DAAB /* gles_font.c */ = {isa = PBXFileReference; fileEncoding = 4; lastKnownFileType = sourcecode.c.c; path = gles_font.c; sourceTree = "<group>"; };
		2CD3D12A1D4757B70086DAAB /* gles_loc_layer.c */ = {isa = PBXFileReference; fileEncoding = 4; lastKnownFileType = sourcecode.c.c; path = gles_loc_layer.c; sourceTree = "<group>"; };
		2CD3D12B1D4757B70086DAAB /* gles_map.c */ = {isa = PBXFileReference; fileEncoding = 4; lastKnownFileType = sourcecode.c.c; path = gles_map.c; sourceTree = "<group>"; };
		2CD3D12C1D4757B70086DAAB /* gles_map_animation.c */ = {isa = PBXFileReference; fileEncoding = 4; lastKnownFileType = sourcecode.c.c; path = gles_map_animation.c; sourceTree = "<group>"; };
		2CD3D12D1D4757B70086DAAB /* gles_map_render.c */ = {isa = PBXFileReference; fileEncoding = 4; lastKnownFileType = sourcecode.c.c; path = gles_map_render.c; sourceTree = "<group>"; };
		2CD3D12E1D4757B70086DAAB /* gles_marker_layer.c */ = {isa = PBXFileReference; fileEncoding = 4; lastKnownFileType = sourcecode.c.c; path = gles_marker_layer.c; sourceTree = "<group>"; };
		2CD3D12F1D4757B70086DAAB /* gles_matrix.c */ = {isa = PBXFileReference; fileEncoding = 4; lastKnownFileType = sourcecode.c.c; path = gles_matrix.c; sourceTree = "<group>"; };
		2CD3D1301D4757B70086DAAB /* gles_scene_render.c */ = {isa = PBXFileReference; fileEncoding = 4; lastKnownFileType = sourcecode.c.c; path = gles_scene_render.c; sourceTree = "<group>"; };
		2CD3D1311D4757B70086DAAB /* gles_scene_touchmgr.c */ = {isa = PBXFileReference; fileEncoding = 4; lastKnownFileType = sourcecode.c.c; path = gles_scene_touchmgr.c; sourceTree = "<group>"; };
		2CD3D1331D4757B70086DAAB /* gles_texture_png.c */ = {isa = PBXFileReference; fileEncoding = 4; lastKnownFileType = sourcecode.c.c; path = gles_texture_png.c; sourceTree = "<group>"; };
		2CD3D1341D4757B70086DAAB /* gles_touchmgr.c */ = {isa = PBXFileReference; fileEncoding = 4; lastKnownFileType = sourcecode.c.c; path = gles_touchmgr.c; sourceTree = "<group>"; };
		2CD3D1351D4757B70086DAAB /* gles_unit_layer.c */ = {isa = PBXFileReference; fileEncoding = 4; lastKnownFileType = sourcecode.c.c; path = gles_unit_layer.c; sourceTree = "<group>"; };
		2CD3D1361D4757B70086DAAB /* gles_utils.c */ = {isa = PBXFileReference; fileEncoding = 4; lastKnownFileType = sourcecode.c.c; path = gles_utils.c; sourceTree = "<group>"; };
		2CD3D1371D4757B70086DAAB /* gles_vec_layer.c */ = {isa = PBXFileReference; fileEncoding = 4; lastKnownFileType = sourcecode.c.c; path = gles_vec_layer.c; sourceTree = "<group>"; };
		2CD3D14D1D4757FD0086DAAB /* .Android.mk.swp */ = {isa = PBXFileReference; lastKnownFileType = file; path = .Android.mk.swp; sourceTree = "<group>"; };
		2CD3D14E1D4757FD0086DAAB /* Android.mk */ = {isa = PBXFileReference; fileEncoding = 4; lastKnownFileType = text; path = Android.mk; sourceTree = "<group>"; };
		2CD3D1521D4757FD0086DAAB /* ftconfig.h */ = {isa = PBXFileReference; fileEncoding = 4; lastKnownFileType = sourcecode.c.h; path = ftconfig.h; sourceTree = "<group>"; };
		2CD3D1531D4757FD0086DAAB /* ftheader.h */ = {isa = PBXFileReference; fileEncoding = 4; lastKnownFileType = sourcecode.c.h; path = ftheader.h; sourceTree = "<group>"; };
		2CD3D1541D4757FD0086DAAB /* ftmodule.h */ = {isa = PBXFileReference; fileEncoding = 4; lastKnownFileType = sourcecode.c.h; path = ftmodule.h; sourceTree = "<group>"; };
		2CD3D1551D4757FD0086DAAB /* ftoption.h */ = {isa = PBXFileReference; fileEncoding = 4; lastKnownFileType = sourcecode.c.h; path = ftoption.h; sourceTree = "<group>"; };
		2CD3D1561D4757FD0086DAAB /* ftstdlib.h */ = {isa = PBXFileReference; fileEncoding = 4; lastKnownFileType = sourcecode.c.h; path = ftstdlib.h; sourceTree = "<group>"; };
		2CD3D1571D4757FD0086DAAB /* freetype.h */ = {isa = PBXFileReference; fileEncoding = 4; lastKnownFileType = sourcecode.c.h; path = freetype.h; sourceTree = "<group>"; };
		2CD3D1581D4757FD0086DAAB /* ftadvanc.h */ = {isa = PBXFileReference; fileEncoding = 4; lastKnownFileType = sourcecode.c.h; path = ftadvanc.h; sourceTree = "<group>"; };
		2CD3D1591D4757FD0086DAAB /* ftbbox.h */ = {isa = PBXFileReference; fileEncoding = 4; lastKnownFileType = sourcecode.c.h; path = ftbbox.h; sourceTree = "<group>"; };
		2CD3D15A1D4757FD0086DAAB /* ftbdf.h */ = {isa = PBXFileReference; fileEncoding = 4; lastKnownFileType = sourcecode.c.h; path = ftbdf.h; sourceTree = "<group>"; };
		2CD3D15B1D4757FD0086DAAB /* ftbitmap.h */ = {isa = PBXFileReference; fileEncoding = 4; lastKnownFileType = sourcecode.c.h; path = ftbitmap.h; sourceTree = "<group>"; };
		2CD3D15C1D4757FD0086DAAB /* ftcache.h */ = {isa = PBXFileReference; fileEncoding = 4; lastKnownFileType = sourcecode.c.h; path = ftcache.h; sourceTree = "<group>"; };
		2CD3D15D1D4757FD0086DAAB /* ftchapters.h */ = {isa = PBXFileReference; fileEncoding = 4; lastKnownFileType = sourcecode.c.h; path = ftchapters.h; sourceTree = "<group>"; };
		2CD3D15E1D4757FD0086DAAB /* ftcid.h */ = {isa = PBXFileReference; fileEncoding = 4; lastKnownFileType = sourcecode.c.h; path = ftcid.h; sourceTree = "<group>"; };
		2CD3D15F1D4757FD0086DAAB /* fterrdef.h */ = {isa = PBXFileReference; fileEncoding = 4; lastKnownFileType = sourcecode.c.h; path = fterrdef.h; sourceTree = "<group>"; };
		2CD3D1601D4757FD0086DAAB /* fterrors.h */ = {isa = PBXFileReference; fileEncoding = 4; lastKnownFileType = sourcecode.c.h; path = fterrors.h; sourceTree = "<group>"; };
		2CD3D1611D4757FD0086DAAB /* ftgasp.h */ = {isa = PBXFileReference; fileEncoding = 4; lastKnownFileType = sourcecode.c.h; path = ftgasp.h; sourceTree = "<group>"; };
		2CD3D1621D4757FD0086DAAB /* ftglyph.h */ = {isa = PBXFileReference; fileEncoding = 4; lastKnownFileType = sourcecode.c.h; path = ftglyph.h; sourceTree = "<group>"; };
		2CD3D1631D4757FD0086DAAB /* ftgxval.h */ = {isa = PBXFileReference; fileEncoding = 4; lastKnownFileType = sourcecode.c.h; path = ftgxval.h; sourceTree = "<group>"; };
		2CD3D1641D4757FD0086DAAB /* ftgzip.h */ = {isa = PBXFileReference; fileEncoding = 4; lastKnownFileType = sourcecode.c.h; path = ftgzip.h; sourceTree = "<group>"; };
		2CD3D1651D4757FD0086DAAB /* ftimage.h */ = {isa = PBXFileReference; fileEncoding = 4; lastKnownFileType = sourcecode.c.h; path = ftimage.h; sourceTree = "<group>"; };
		2CD3D1661D4757FD0086DAAB /* ftincrem.h */ = {isa = PBXFileReference; fileEncoding = 4; lastKnownFileType = sourcecode.c.h; path = ftincrem.h; sourceTree = "<group>"; };
		2CD3D1671D4757FD0086DAAB /* ftlcdfil.h */ = {isa = PBXFileReference; fileEncoding = 4; lastKnownFileType = sourcecode.c.h; path = ftlcdfil.h; sourceTree = "<group>"; };
		2CD3D1681D4757FD0086DAAB /* ftlist.h */ = {isa = PBXFileReference; fileEncoding = 4; lastKnownFileType = sourcecode.c.h; path = ftlist.h; sourceTree = "<group>"; };
		2CD3D1691D4757FD0086DAAB /* ftlzw.h */ = {isa = PBXFileReference; fileEncoding = 4; lastKnownFileType = sourcecode.c.h; path = ftlzw.h; sourceTree = "<group>"; };
		2CD3D16A1D4757FD0086DAAB /* ftmac.h */ = {isa = PBXFileReference; fileEncoding = 4; lastKnownFileType = sourcecode.c.h; path = ftmac.h; sourceTree = "<group>"; };
		2CD3D16B1D4757FD0086DAAB /* ftmm.h */ = {isa = PBXFileReference; fileEncoding = 4; lastKnownFileType = sourcecode.c.h; path = ftmm.h; sourceTree = "<group>"; };
		2CD3D16C1D4757FD0086DAAB /* ftmodapi.h */ = {isa = PBXFileReference; fileEncoding = 4; lastKnownFileType = sourcecode.c.h; path = ftmodapi.h; sourceTree = "<group>"; };
		2CD3D16D1D4757FD0086DAAB /* ftmoderr.h */ = {isa = PBXFileReference; fileEncoding = 4; lastKnownFileType = sourcecode.c.h; path = ftmoderr.h; sourceTree = "<group>"; };
		2CD3D16E1D4757FD0086DAAB /* ftotval.h */ = {isa = PBXFileReference; fileEncoding = 4; lastKnownFileType = sourcecode.c.h; path = ftotval.h; sourceTree = "<group>"; };
		2CD3D16F1D4757FD0086DAAB /* ftoutln.h */ = {isa = PBXFileReference; fileEncoding = 4; lastKnownFileType = sourcecode.c.h; path = ftoutln.h; sourceTree = "<group>"; };
		2CD3D1701D4757FD0086DAAB /* ftpfr.h */ = {isa = PBXFileReference; fileEncoding = 4; lastKnownFileType = sourcecode.c.h; path = ftpfr.h; sourceTree = "<group>"; };
		2CD3D1711D4757FD0086DAAB /* ftrender.h */ = {isa = PBXFileReference; fileEncoding = 4; lastKnownFileType = sourcecode.c.h; path = ftrender.h; sourceTree = "<group>"; };
		2CD3D1721D4757FD0086DAAB /* ftsizes.h */ = {isa = PBXFileReference; fileEncoding = 4; lastKnownFileType = sourcecode.c.h; path = ftsizes.h; sourceTree = "<group>"; };
		2CD3D1731D4757FD0086DAAB /* ftsnames.h */ = {isa = PBXFileReference; fileEncoding = 4; lastKnownFileType = sourcecode.c.h; path = ftsnames.h; sourceTree = "<group>"; };
		2CD3D1741D4757FD0086DAAB /* ftstroke.h */ = {isa = PBXFileReference; fileEncoding = 4; lastKnownFileType = sourcecode.c.h; path = ftstroke.h; sourceTree = "<group>"; };
		2CD3D1751D4757FD0086DAAB /* ftsynth.h */ = {isa = PBXFileReference; fileEncoding = 4; lastKnownFileType = sourcecode.c.h; path = ftsynth.h; sourceTree = "<group>"; };
		2CD3D1761D4757FD0086DAAB /* ftsystem.h */ = {isa = PBXFileReference; fileEncoding = 4; lastKnownFileType = sourcecode.c.h; path = ftsystem.h; sourceTree = "<group>"; };
		2CD3D1771D4757FD0086DAAB /* fttrigon.h */ = {isa = PBXFileReference; fileEncoding = 4; lastKnownFileType = sourcecode.c.h; path = fttrigon.h; sourceTree = "<group>"; };
		2CD3D1781D4757FD0086DAAB /* fttypes.h */ = {isa = PBXFileReference; fileEncoding = 4; lastKnownFileType = sourcecode.c.h; path = fttypes.h; sourceTree = "<group>"; };
		2CD3D1791D4757FD0086DAAB /* ftwinfnt.h */ = {isa = PBXFileReference; fileEncoding = 4; lastKnownFileType = sourcecode.c.h; path = ftwinfnt.h; sourceTree = "<group>"; };
		2CD3D17A1D4757FD0086DAAB /* ftxf86.h */ = {isa = PBXFileReference; fileEncoding = 4; lastKnownFileType = sourcecode.c.h; path = ftxf86.h; sourceTree = "<group>"; };
		2CD3D17C1D4757FD0086DAAB /* autohint.h */ = {isa = PBXFileReference; fileEncoding = 4; lastKnownFileType = sourcecode.c.h; path = autohint.h; sourceTree = "<group>"; };
		2CD3D17D1D4757FD0086DAAB /* ftcalc.h */ = {isa = PBXFileReference; fileEncoding = 4; lastKnownFileType = sourcecode.c.h; path = ftcalc.h; sourceTree = "<group>"; };
		2CD3D17E1D4757FD0086DAAB /* ftdebug.h */ = {isa = PBXFileReference; fileEncoding = 4; lastKnownFileType = sourcecode.c.h; path = ftdebug.h; sourceTree = "<group>"; };
		2CD3D17F1D4757FD0086DAAB /* ftdriver.h */ = {isa = PBXFileReference; fileEncoding = 4; lastKnownFileType = sourcecode.c.h; path = ftdriver.h; sourceTree = "<group>"; };
		2CD3D1801D4757FD0086DAAB /* ftgloadr.h */ = {isa = PBXFileReference; fileEncoding = 4; lastKnownFileType = sourcecode.c.h; path = ftgloadr.h; sourceTree = "<group>"; };
		2CD3D1811D4757FD0086DAAB /* ftmemory.h */ = {isa = PBXFileReference; fileEncoding = 4; lastKnownFileType = sourcecode.c.h; path = ftmemory.h; sourceTree = "<group>"; };
		2CD3D1821D4757FD0086DAAB /* ftobjs.h */ = {isa = PBXFileReference; fileEncoding = 4; lastKnownFileType = sourcecode.c.h; path = ftobjs.h; sourceTree = "<group>"; };
		2CD3D1831D4757FD0086DAAB /* ftpic.h */ = {isa = PBXFileReference; fileEncoding = 4; lastKnownFileType = sourcecode.c.h; path = ftpic.h; sourceTree = "<group>"; };
		2CD3D1841D4757FD0086DAAB /* ftrfork.h */ = {isa = PBXFileReference; fileEncoding = 4; lastKnownFileType = sourcecode.c.h; path = ftrfork.h; sourceTree = "<group>"; };
		2CD3D1851D4757FD0086DAAB /* ftserv.h */ = {isa = PBXFileReference; fileEncoding = 4; lastKnownFileType = sourcecode.c.h; path = ftserv.h; sourceTree = "<group>"; };
		2CD3D1861D4757FD0086DAAB /* ftstream.h */ = {isa = PBXFileReference; fileEncoding = 4; lastKnownFileType = sourcecode.c.h; path = ftstream.h; sourceTree = "<group>"; };
		2CD3D1871D4757FD0086DAAB /* fttrace.h */ = {isa = PBXFileReference; fileEncoding = 4; lastKnownFileType = sourcecode.c.h; path = fttrace.h; sourceTree = "<group>"; };
		2CD3D1881D4757FD0086DAAB /* ftvalid.h */ = {isa = PBXFileReference; fileEncoding = 4; lastKnownFileType = sourcecode.c.h; path = ftvalid.h; sourceTree = "<group>"; };
		2CD3D1891D4757FD0086DAAB /* internal.h */ = {isa = PBXFileReference; fileEncoding = 4; lastKnownFileType = sourcecode.c.h; path = internal.h; sourceTree = "<group>"; };
		2CD3D18A1D4757FD0086DAAB /* pcftypes.h */ = {isa = PBXFileReference; fileEncoding = 4; lastKnownFileType = sourcecode.c.h; path = pcftypes.h; sourceTree = "<group>"; };
		2CD3D18B1D4757FD0086DAAB /* psaux.h */ = {isa = PBXFileReference; fileEncoding = 4; lastKnownFileType = sourcecode.c.h; path = psaux.h; sourceTree = "<group>"; };
		2CD3D18C1D4757FD0086DAAB /* pshints.h */ = {isa = PBXFileReference; fileEncoding = 4; lastKnownFileType = sourcecode.c.h; path = pshints.h; sourceTree = "<group>"; };
		2CD3D18E1D4757FD0086DAAB /* svbdf.h */ = {isa = PBXFileReference; fileEncoding = 4; lastKnownFileType = sourcecode.c.h; path = svbdf.h; sourceTree = "<group>"; };
		2CD3D18F1D4757FD0086DAAB /* svcid.h */ = {isa = PBXFileReference; fileEncoding = 4; lastKnownFileType = sourcecode.c.h; path = svcid.h; sourceTree = "<group>"; };
		2CD3D1901D4757FD0086DAAB /* svgldict.h */ = {isa = PBXFileReference; fileEncoding = 4; lastKnownFileType = sourcecode.c.h; path = svgldict.h; sourceTree = "<group>"; };
		2CD3D1911D4757FD0086DAAB /* svgxval.h */ = {isa = PBXFileReference; fileEncoding = 4; lastKnownFileType = sourcecode.c.h; path = svgxval.h; sourceTree = "<group>"; };
		2CD3D1921D4757FD0086DAAB /* svkern.h */ = {isa = PBXFileReference; fileEncoding = 4; lastKnownFileType = sourcecode.c.h; path = svkern.h; sourceTree = "<group>"; };
		2CD3D1931D4757FD0086DAAB /* svmm.h */ = {isa = PBXFileReference; fileEncoding = 4; lastKnownFileType = sourcecode.c.h; path = svmm.h; sourceTree = "<group>"; };
		2CD3D1941D4757FD0086DAAB /* svotval.h */ = {isa = PBXFileReference; fileEncoding = 4; lastKnownFileType = sourcecode.c.h; path = svotval.h; sourceTree = "<group>"; };
		2CD3D1951D4757FD0086DAAB /* svpfr.h */ = {isa = PBXFileReference; fileEncoding = 4; lastKnownFileType = sourcecode.c.h; path = svpfr.h; sourceTree = "<group>"; };
		2CD3D1961D4757FD0086DAAB /* svpostnm.h */ = {isa = PBXFileReference; fileEncoding = 4; lastKnownFileType = sourcecode.c.h; path = svpostnm.h; sourceTree = "<group>"; };
		2CD3D1971D4757FD0086DAAB /* svpscmap.h */ = {isa = PBXFileReference; fileEncoding = 4; lastKnownFileType = sourcecode.c.h; path = svpscmap.h; sourceTree = "<group>"; };
		2CD3D1981D4757FD0086DAAB /* svpsinfo.h */ = {isa = PBXFileReference; fileEncoding = 4; lastKnownFileType = sourcecode.c.h; path = svpsinfo.h; sourceTree = "<group>"; };
		2CD3D1991D4757FD0086DAAB /* svsfnt.h */ = {isa = PBXFileReference; fileEncoding = 4; lastKnownFileType = sourcecode.c.h; path = svsfnt.h; sourceTree = "<group>"; };
		2CD3D19A1D4757FD0086DAAB /* svttcmap.h */ = {isa = PBXFileReference; fileEncoding = 4; lastKnownFileType = sourcecode.c.h; path = svttcmap.h; sourceTree = "<group>"; };
		2CD3D19B1D4757FD0086DAAB /* svtteng.h */ = {isa = PBXFileReference; fileEncoding = 4; lastKnownFileType = sourcecode.c.h; path = svtteng.h; sourceTree = "<group>"; };
		2CD3D19C1D4757FD0086DAAB /* svttglyf.h */ = {isa = PBXFileReference; fileEncoding = 4; lastKnownFileType = sourcecode.c.h; path = svttglyf.h; sourceTree = "<group>"; };
		2CD3D19D1D4757FD0086DAAB /* svwinfnt.h */ = {isa = PBXFileReference; fileEncoding = 4; lastKnownFileType = sourcecode.c.h; path = svwinfnt.h; sourceTree = "<group>"; };
		2CD3D19E1D4757FD0086DAAB /* svxf86nm.h */ = {isa = PBXFileReference; fileEncoding = 4; lastKnownFileType = sourcecode.c.h; path = svxf86nm.h; sourceTree = "<group>"; };
		2CD3D19F1D4757FD0086DAAB /* sfnt.h */ = {isa = PBXFileReference; fileEncoding = 4; lastKnownFileType = sourcecode.c.h; path = sfnt.h; sourceTree = "<group>"; };
		2CD3D1A01D4757FD0086DAAB /* t1types.h */ = {isa = PBXFileReference; fileEncoding = 4; lastKnownFileType = sourcecode.c.h; path = t1types.h; sourceTree = "<group>"; };
		2CD3D1A11D4757FD0086DAAB /* tttypes.h */ = {isa = PBXFileReference; fileEncoding = 4; lastKnownFileType = sourcecode.c.h; path = tttypes.h; sourceTree = "<group>"; };
		2CD3D1A21D4757FD0086DAAB /* t1tables.h */ = {isa = PBXFileReference; fileEncoding = 4; lastKnownFileType = sourcecode.c.h; path = t1tables.h; sourceTree = "<group>"; };
		2CD3D1A31D4757FD0086DAAB /* ttnameid.h */ = {isa = PBXFileReference; fileEncoding = 4; lastKnownFileType = sourcecode.c.h; path = ttnameid.h; sourceTree = "<group>"; };
		2CD3D1A41D4757FD0086DAAB /* tttables.h */ = {isa = PBXFileReference; fileEncoding = 4; lastKnownFileType = sourcecode.c.h; path = tttables.h; sourceTree = "<group>"; };
		2CD3D1A51D4757FD0086DAAB /* tttags.h */ = {isa = PBXFileReference; fileEncoding = 4; lastKnownFileType = sourcecode.c.h; path = tttags.h; sourceTree = "<group>"; };
		2CD3D1A61D4757FD0086DAAB /* ttunpat.h */ = {isa = PBXFileReference; fileEncoding = 4; lastKnownFileType = sourcecode.c.h; path = ttunpat.h; sourceTree = "<group>"; };
		2CD3D1A71D4757FD0086DAAB /* ft2build.h */ = {isa = PBXFileReference; fileEncoding = 4; lastKnownFileType = sourcecode.c.h; path = ft2build.h; sourceTree = "<group>"; };
		2CD3D1C41D4757FD0086DAAB /* autofit.c */ = {isa = PBXFileReference; fileEncoding = 4; lastKnownFileType = sourcecode.c.c; path = autofit.c; sourceTree = "<group>"; };
		2CD3D1CA1D4757FD0086DAAB /* ftbase.c */ = {isa = PBXFileReference; fileEncoding = 4; lastKnownFileType = sourcecode.c.c; path = ftbase.c; sourceTree = "<group>"; };
		2CD3D1CB1D4757FD0086DAAB /* ftbase.h */ = {isa = PBXFileReference; fileEncoding = 4; lastKnownFileType = sourcecode.c.h; path = ftbase.h; sourceTree = "<group>"; };
		2CD3D1CC1D4757FD0086DAAB /* ftbbox.c */ = {isa = PBXFileReference; fileEncoding = 4; lastKnownFileType = sourcecode.c.c; path = ftbbox.c; sourceTree = "<group>"; };
		2CD3D1CD1D4757FD0086DAAB /* ftbitmap.c */ = {isa = PBXFileReference; fileEncoding = 4; lastKnownFileType = sourcecode.c.c; path = ftbitmap.c; sourceTree = "<group>"; };
		2CD3D1D11D4757FD0086DAAB /* ftfstype.c */ = {isa = PBXFileReference; fileEncoding = 4; lastKnownFileType = sourcecode.c.c; path = ftfstype.c; sourceTree = "<group>"; };
		2CD3D1D21D4757FD0086DAAB /* ftgasp.c */ = {isa = PBXFileReference; fileEncoding = 4; lastKnownFileType = sourcecode.c.c; path = ftgasp.c; sourceTree = "<group>"; };
		2CD3D1D41D4757FD0086DAAB /* ftglyph.c */ = {isa = PBXFileReference; fileEncoding = 4; lastKnownFileType = sourcecode.c.c; path = ftglyph.c; sourceTree = "<group>"; };
		2CD3D1D51D4757FD0086DAAB /* ftinit.c */ = {isa = PBXFileReference; fileEncoding = 4; lastKnownFileType = sourcecode.c.c; path = ftinit.c; sourceTree = "<group>"; };
		2CD3D1D61D4757FD0086DAAB /* ftlcdfil.c */ = {isa = PBXFileReference; fileEncoding = 4; lastKnownFileType = sourcecode.c.c; path = ftlcdfil.c; sourceTree = "<group>"; };
		2CD3D1DF1D4757FD0086DAAB /* ftstroke.c */ = {isa = PBXFileReference; fileEncoding = 4; lastKnownFileType = sourcecode.c.c; path = ftstroke.c; sourceTree = "<group>"; };
		2CD3D1E11D4757FD0086DAAB /* ftsystem.c */ = {isa = PBXFileReference; fileEncoding = 4; lastKnownFileType = sourcecode.c.c; path = ftsystem.c; sourceTree = "<group>"; };
		2CD3D1E31D4757FD0086DAAB /* fttype1.c */ = {isa = PBXFileReference; fileEncoding = 4; lastKnownFileType = sourcecode.c.c; path = fttype1.c; sourceTree = "<group>"; };
		2CD3D1E61D4757FD0086DAAB /* ftxf86.c */ = {isa = PBXFileReference; fileEncoding = 4; lastKnownFileType = sourcecode.c.c; path = ftxf86.c; sourceTree = "<group>"; };
		2CD3D1F41D4757FD0086DAAB /* cff.c */ = {isa = PBXFileReference; fileEncoding = 4; lastKnownFileType = sourcecode.c.c; path = cff.c; sourceTree = "<group>"; };
		2CD3D21C1D4757FD0086DAAB /* pshinter.c */ = {isa = PBXFileReference; fileEncoding = 4; lastKnownFileType = sourcecode.c.c; path = pshinter.c; sourceTree = "<group>"; };
		2CD3D2281D4757FD0086DAAB /* psnames.c */ = {isa = PBXFileReference; fileEncoding = 4; lastKnownFileType = sourcecode.c.c; path = psnames.c; sourceTree = "<group>"; };
		2CD3D2321D4757FD0086DAAB /* raster.c */ = {isa = PBXFileReference; fileEncoding = 4; lastKnownFileType = sourcecode.c.c; path = raster.c; sourceTree = "<group>"; };
		2CD3D23A1D4757FD0086DAAB /* sfnt.c */ = {isa = PBXFileReference; fileEncoding = 4; lastKnownFileType = sourcecode.c.c; path = sfnt.c; sourceTree = "<group>"; };
		2CD3D2571D4757FD0086DAAB /* smooth.c */ = {isa = PBXFileReference; fileEncoding = 4; lastKnownFileType = sourcecode.c.c; path = smooth.c; sourceTree = "<group>"; };
		2CD3D2591D4757FD0086DAAB /* truetype.c */ = {isa = PBXFileReference; fileEncoding = 4; lastKnownFileType = sourcecode.c.c; path = truetype.c; sourceTree = "<group>"; };
		2CD3D2E51D4758900086DAAB /* 1.5.13.txt */ = {isa = PBXFileReference; fileEncoding = 4; lastKnownFileType = text; path = 1.5.13.txt; sourceTree = "<group>"; };
		2CD3D2E61D4758900086DAAB /* Android.mk */ = {isa = PBXFileReference; fileEncoding = 4; lastKnownFileType = text; path = Android.mk; sourceTree = "<group>"; };
		2CD3D2E71D4758900086DAAB /* png.c */ = {isa = PBXFileReference; fileEncoding = 4; lastKnownFileType = sourcecode.c.c; path = png.c; sourceTree = "<group>"; };
		2CD3D2E81D4758900086DAAB /* png.h */ = {isa = PBXFileReference; fileEncoding = 4; lastKnownFileType = sourcecode.c.h; path = png.h; sourceTree = "<group>"; };
		2CD3D2E91D4758900086DAAB /* pngconf.h */ = {isa = PBXFileReference; fileEncoding = 4; lastKnownFileType = sourcecode.c.h; path = pngconf.h; sourceTree = "<group>"; };
		2CD3D2EA1D4758900086DAAB /* pngdebug.h */ = {isa = PBXFileReference; fileEncoding = 4; lastKnownFileType = sourcecode.c.h; path = pngdebug.h; sourceTree = "<group>"; };
		2CD3D2EB1D4758900086DAAB /* pngerror.c */ = {isa = PBXFileReference; fileEncoding = 4; lastKnownFileType = sourcecode.c.c; path = pngerror.c; sourceTree = "<group>"; };
		2CD3D2EC1D4758900086DAAB /* pngget.c */ = {isa = PBXFileReference; fileEncoding = 4; lastKnownFileType = sourcecode.c.c; path = pngget.c; sourceTree = "<group>"; };
		2CD3D2ED1D4758900086DAAB /* pnginfo.h */ = {isa = PBXFileReference; fileEncoding = 4; lastKnownFileType = sourcecode.c.h; path = pnginfo.h; sourceTree = "<group>"; };
		2CD3D2EE1D4758900086DAAB /* pnglibconf.h */ = {isa = PBXFileReference; fileEncoding = 4; lastKnownFileType = sourcecode.c.h; path = pnglibconf.h; sourceTree = "<group>"; };
		2CD3D2EF1D4758900086DAAB /* pngmem.c */ = {isa = PBXFileReference; fileEncoding = 4; lastKnownFileType = sourcecode.c.c; path = pngmem.c; sourceTree = "<group>"; };
		2CD3D2F01D4758900086DAAB /* pngpread.c */ = {isa = PBXFileReference; fileEncoding = 4; lastKnownFileType = sourcecode.c.c; path = pngpread.c; sourceTree = "<group>"; };
		2CD3D2F11D4758900086DAAB /* pngpriv.h */ = {isa = PBXFileReference; fileEncoding = 4; lastKnownFileType = sourcecode.c.h; path = pngpriv.h; sourceTree = "<group>"; };
		2CD3D2F21D4758900086DAAB /* pngread.c */ = {isa = PBXFileReference; fileEncoding = 4; lastKnownFileType = sourcecode.c.c; path = pngread.c; sourceTree = "<group>"; };
		2CD3D2F31D4758900086DAAB /* pngrio.c */ = {isa = PBXFileReference; fileEncoding = 4; lastKnownFileType = sourcecode.c.c; path = pngrio.c; sourceTree = "<group>"; };
		2CD3D2F41D4758900086DAAB /* pngrtran.c */ = {isa = PBXFileReference; fileEncoding = 4; lastKnownFileType = sourcecode.c.c; path = pngrtran.c; sourceTree = "<group>"; };
		2CD3D2F51D4758900086DAAB /* pngrutil.c */ = {isa = PBXFileReference; fileEncoding = 4; lastKnownFileType = sourcecode.c.c; path = pngrutil.c; sourceTree = "<group>"; };
		2CD3D2F61D4758900086DAAB /* pngset.c */ = {isa = PBXFileReference; fileEncoding = 4; lastKnownFileType = sourcecode.c.c; path = pngset.c; sourceTree = "<group>"; };
		2CD3D2F71D4758900086DAAB /* pngstruct.h */ = {isa = PBXFileReference; fileEncoding = 4; lastKnownFileType = sourcecode.c.h; path = pngstruct.h; sourceTree = "<group>"; };
		2CD3D2F91D4758900086DAAB /* pngtrans.c */ = {isa = PBXFileReference; fileEncoding = 4; lastKnownFileType = sourcecode.c.c; path = pngtrans.c; sourceTree = "<group>"; };
		2CD3D2FA1D4758900086DAAB /* pngwio.c */ = {isa = PBXFileReference; fileEncoding = 4; lastKnownFileType = sourcecode.c.c; path = pngwio.c; sourceTree = "<group>"; };
		2CD3D2FB1D4758900086DAAB /* pngwrite.c */ = {isa = PBXFileReference; fileEncoding = 4; lastKnownFileType = sourcecode.c.c; path = pngwrite.c; sourceTree = "<group>"; };
		2CD3D2FC1D4758900086DAAB /* pngwtran.c */ = {isa = PBXFileReference; fileEncoding = 4; lastKnownFileType = sourcecode.c.c; path = pngwtran.c; sourceTree = "<group>"; };
		2CD3D2FD1D4758900086DAAB /* pngwutil.c */ = {isa = PBXFileReference; fileEncoding = 4; lastKnownFileType = sourcecode.c.c; path = pngwutil.c; sourceTree = "<group>"; };
		2CD3D2FE1D4758900086DAAB /* README */ = {isa = PBXFileReference; fileEncoding = 4; lastKnownFileType = text; path = README; sourceTree = "<group>"; };
		2CD57D681D5483520089332F /* SimpleVertex.glsl */ = {isa = PBXFileReference; fileEncoding = 4; lastKnownFileType = text; path = SimpleVertex.glsl; sourceTree = "<group>"; };
		2CD57D6A1D5483EA0089332F /* SimpleFragment.glsl */ = {isa = PBXFileReference; fileEncoding = 4; lastKnownFileType = text; path = SimpleFragment.glsl; sourceTree = "<group>"; };
		2CD57D6C1D5493950089332F /* GLESUtils.h */ = {isa = PBXFileReference; fileEncoding = 4; lastKnownFileType = sourcecode.c.h; path = GLESUtils.h; sourceTree = "<group>"; };
		2CD57D6D1D5493950089332F /* GLESUtils.m */ = {isa = PBXFileReference; fileEncoding = 4; lastKnownFileType = sourcecode.c.objc; path = GLESUtils.m; sourceTree = "<group>"; };
		2CE450001D59E2DF006940F2 /* LE.vbf */ = {isa = PBXFileReference; lastKnownFileType = file; path = LE.vbf; sourceTree = "<group>"; };
		2CE450011D59E3A8006940F2 /* Media.xcassets */ = {isa = PBXFileReference; lastKnownFileType = folder.assetcatalog; path = Media.xcassets; sourceTree = "<group>"; };
		2CE450031D59E5DE006940F2 /* glres */ = {isa = PBXFileReference; lastKnownFileType = folder; path = glres; sourceTree = "<group>"; };
/* End PBXFileReference section */

/* Begin PBXFrameworksBuildPhase section */
		2C61E89A1D3F6AAA006CAB09 /* Frameworks */ = {
			isa = PBXFrameworksBuildPhase;
			buildActionMask = 2147483647;
			files = (
				2C1F612A1D4762BF00226C78 /* libz.1.2.5.tbd in Frameworks */,
				2C61E8BA1D3F6BA5006CAB09 /* OpenGLES.framework in Frameworks */,
				2C61E8B81D3F6B9C006CAB09 /* GLKit.framework in Frameworks */,
			);
			runOnlyForDeploymentPostprocessing = 0;
		};
/* End PBXFrameworksBuildPhase section */

/* Begin PBXGroup section */
		2C1F60C41D47620800226C78 /* cii */ = {
			isa = PBXGroup;
			children = (
				2C1F60C51D47620800226C78 /* include */,
				2C1F60D81D47620800226C78 /* src */,
			);
			path = cii;
			sourceTree = "<group>";
		};
		2C1F60C51D47620800226C78 /* include */ = {
			isa = PBXGroup;
			children = (
				2C1F60C61D47620800226C78 /* arena.h */,
				2C1F60C71D47620800226C78 /* arith.h */,
				2C1F60C81D47620800226C78 /* array.h */,
				2C1F60C91D47620800226C78 /* arrayrep.h */,
				2C1F60CA1D47620800226C78 /* assert.h */,
				2C1F60CB1D47620800226C78 /* atom.h */,
				2C1F60CC1D47620800226C78 /* except.h */,
				2C1F60CD1D47620800226C78 /* getword.h */,
				2C1F60CE1D47620800226C78 /* indexminpq.h */,
				2C1F60CF1D47620800226C78 /* list.h */,
				2C1F60D01D47620800226C78 /* mem.h */,
				2C1F60D11D47620800226C78 /* ring.h */,
				2C1F60D21D47620800226C78 /* seq.h */,
				2C1F60D31D47620800226C78 /* set.h */,
				2C1F60D41D47620800226C78 /* sparsearray.h */,
				2C1F60D51D47620800226C78 /* str.h */,
				2C1F60D61D47620800226C78 /* table.h */,
				2C1F60D71D47620800226C78 /* text.h */,
			);
			path = include;
			sourceTree = "<group>";
		};
		2C1F60D81D47620800226C78 /* src */ = {
			isa = PBXGroup;
			children = (
				2C1F60D91D47620800226C78 /* arena.c */,
				2C1F60DA1D47620800226C78 /* arith.c */,
				2C1F60DB1D47620800226C78 /* array.c */,
				2C1F60DC1D47620800226C78 /* assert.c */,
				2C1F60DD1D47620800226C78 /* atom.c */,
				2C1F60DE1D47620800226C78 /* except.c */,
				2C1F60DF1D47620800226C78 /* getword.c */,
				2C1F60E01D47620800226C78 /* indexminpq.c */,
				2C1F60E11D47620800226C78 /* list.c */,
				2C1F60E31D47620800226C78 /* memchk.c */,
				2C1F60E41D47620800226C78 /* ring.c */,
				2C1F60E51D47620800226C78 /* seq.c */,
				2C1F60E61D47620800226C78 /* set.c */,
				2C1F60E71D47620800226C78 /* sparsearray.c */,
				2C1F60E81D47620800226C78 /* str.c */,
				2C1F60E91D47620800226C78 /* table.c */,
				2C1F60EA1D47620800226C78 /* text.c */,
			);
			path = src;
			sourceTree = "<group>";
		};
		2C1F61051D47622800226C78 /* map */ = {
			isa = PBXGroup;
			children = (
				2C1F61061D47622800226C78 /* include */,
				2C1F61121D47622800226C78 /* src */,
			);
			path = map;
			sourceTree = "<group>";
		};
		2C1F61061D47622800226C78 /* include */ = {
			isa = PBXGroup;
			children = (
				2C1F61071D47622800226C78 /* color.h */,
				2C1F61081D47622800226C78 /* envelop.h */,
				2C1F61091D47622800226C78 /* mover.h */,
				2C1F610A1D47622800226C78 /* qcdt.h */,
				2C1F610B1D47622800226C78 /* quadnode.h */,
				2C1F610C1D47622800226C78 /* quadtree.h */,
				2C1F610D1D47622800226C78 /* rbst.h */,
				2C1F610E1D47622800226C78 /* routeresult.h */,
				2C1F610F1D47622800226C78 /* textblock.h */,
				2C1F61101D47622800226C78 /* utils.h */,
				2C1F61111D47622800226C78 /* vec2.h */,
			);
			path = include;
			sourceTree = "<group>";
		};
		2C1F61121D47622800226C78 /* src */ = {
			isa = PBXGroup;
			children = (
				2C1F61131D47622800226C78 /* color.c */,
				2C1F61141D47622800226C78 /* envelop.c */,
				2C1F61151D47622800226C78 /* mover.c */,
				2C1F61161D47622800226C78 /* qcdt.c */,
				2C1F61171D47622800226C78 /* quadnode.c */,
				2C1F61181D47622800226C78 /* quadtree.c */,
				2C1F61191D47622800226C78 /* rbst.c */,
				2C1F611A1D47622800226C78 /* routeresult.c */,
				2C1F611B1D47622800226C78 /* textblock.c */,
				2C1F611C1D47622800226C78 /* utils.c */,
				2C1F611D1D47622800226C78 /* vec2.c */,
			);
			path = src;
			sourceTree = "<group>";
		};
		2C61E8941D3F6AAA006CAB09 = {
			isa = PBXGroup;
			children = (
				2C1F61291D4762BF00226C78 /* libz.1.2.5.tbd */,
				2C61E8B91D3F6BA5006CAB09 /* OpenGLES.framework */,
				2C61E8B71D3F6B9C006CAB09 /* GLKit.framework */,
				2C61E89F1D3F6AAA006CAB09 /* TestOpengles */,
				2C61E89E1D3F6AAA006CAB09 /* Products */,
			);
			sourceTree = "<group>";
		};
		2C61E89E1D3F6AAA006CAB09 /* Products */ = {
			isa = PBXGroup;
			children = (
				2C61E89D1D3F6AAA006CAB09 /* TestOpengles.app */,
			);
			name = Products;
			sourceTree = "<group>";
		};
		2C61E89F1D3F6AAA006CAB09 /* TestOpengles */ = {
			isa = PBXGroup;
			children = (
				2CE450031D59E5DE006940F2 /* glres */,
				2CE450001D59E2DF006940F2 /* LE.vbf */,
				2CD3D10B1D4757840086DAAB /* idr */,
				2C61E8A31D3F6AAA006CAB09 /* AppDelegate.h */,
				2C61E8A41D3F6AAA006CAB09 /* AppDelegate.m */,
				2C61E8A61D3F6AAA006CAB09 /* ViewController.h */,
				2C61E8A71D3F6AAA006CAB09 /* ViewController.m */,
				2C61E8A91D3F6AAA006CAB09 /* Main.storyboard */,
				2C61E8AC1D3F6AAA006CAB09 /* Assets.xcassets */,
				2C61E8AE1D3F6AAA006CAB09 /* LaunchScreen.storyboard */,
				2C61E8B11D3F6AAA006CAB09 /* Info.plist */,
				2C61E8A01D3F6AAA006CAB09 /* Supporting Files */,
				2CD57D6A1D5483EA0089332F /* SimpleFragment.glsl */,
				2CD57D681D5483520089332F /* SimpleVertex.glsl */,
				2CD57D6C1D5493950089332F /* GLESUtils.h */,
				2CD57D6D1D5493950089332F /* GLESUtils.m */,
				2C0CB1CA1D583422007F6A0F /* MapViewController.h */,
				2C0CB1CB1D583422007F6A0F /* MapViewController.m */,
				2C0CB2261D589897007F6A0F /* MapRender.h */,
				2C0CB2271D589897007F6A0F /* MapRender.m */,
				2CE450011D59E3A8006940F2 /* Media.xcassets */,
			);
			path = TestOpengles;
			sourceTree = "<group>";
		};
		2C61E8A01D3F6AAA006CAB09 /* Supporting Files */ = {
			isa = PBXGroup;
			children = (
				2C61E8A11D3F6AAA006CAB09 /* main.m */,
			);
			name = "Supporting Files";
			sourceTree = "<group>";
		};
		2CD3D10B1D4757840086DAAB /* idr */ = {
			isa = PBXGroup;
			children = (
				2C1F61051D47622800226C78 /* map */,
				2C1F60C41D47620800226C78 /* cii */,
				2CD3D2E41D4758900086DAAB /* libpng */,
				2CD3D14C1D4757FD0086DAAB /* freetype */,
				2CD3D10C1D4757B70086DAAB /* gles */,
			);
			name = idr;
			sourceTree = "<group>";
		};
		2CD3D10C1D4757B70086DAAB /* gles */ = {
			isa = PBXGroup;
			children = (
				2CD3D10D1D4757B70086DAAB /* include */,
				2CD3D1231D4757B70086DAAB /* src */,
			);
			path = gles;
			sourceTree = "<group>";
		};
		2CD3D10D1D4757B70086DAAB /* include */ = {
			isa = PBXGroup;
			children = (
				2CD3D10E1D4757B70086DAAB /* gles_25d_c_program.h */,
				2CD3D10F1D4757B70086DAAB /* gles_25vec_layer.h */,
				2CD3D1101D4757B70086DAAB /* gles_2d_c_program.h */,
				2CD3D1111D4757B70086DAAB /* gles_2d_t_program.h */,
				2CD3D1121D4757B70086DAAB /* gles_3d_c_program.h */,
				2CD3D1131D4757B70086DAAB /* gles_font.h */,
				2CD3D1141D4757B70086DAAB /* gles_loc_layer.h */,
				2CD3D1151D4757B70086DAAB /* gles_map.h */,
				2CD3D1161D4757B70086DAAB /* gles_map_animation.h */,
				2CD3D1171D4757B70086DAAB /* gles_map_render.h */,
				2CD3D1181D4757B70086DAAB /* gles_marker_layer.h */,
				2CD3D1191D4757B70086DAAB /* gles_matrix.h */,
				2CD3D11A1D4757B70086DAAB /* gles_scene_render.h */,
				2CD3D11B1D4757B70086DAAB /* gles_scene_touchmgr.h */,
				2CD3D11D1D4757B70086DAAB /* gles_texture_png.h */,
				2CD3D11E1D4757B70086DAAB /* gles_touchmgr.h */,
				2CD3D11F1D4757B70086DAAB /* gles_unit_layer.h */,
				2CD3D1201D4757B70086DAAB /* gles_utils.h */,
				2CD3D1211D4757B70086DAAB /* gles_vbfile.h */,
				2CD3D1221D4757B70086DAAB /* gles_vec_layer.h */,
			);
			path = include;
			sourceTree = "<group>";
		};
		2CD3D1231D4757B70086DAAB /* src */ = {
			isa = PBXGroup;
			children = (
				2CD3D1241D4757B70086DAAB /* gles_25d_c_program.c */,
				2CD3D1251D4757B70086DAAB /* gles_25vec_layer.c */,
				2CD3D1261D4757B70086DAAB /* gles_2d_c_program.c */,
				2CD3D1271D4757B70086DAAB /* gles_2d_t_program.c */,
				2CD3D1281D4757B70086DAAB /* gles_3d_c_program.c */,
				2CD3D1291D4757B70086DAAB /* gles_font.c */,
				2CD3D12A1D4757B70086DAAB /* gles_loc_layer.c */,
				2CD3D12B1D4757B70086DAAB /* gles_map.c */,
				2CD3D12C1D4757B70086DAAB /* gles_map_animation.c */,
				2CD3D12D1D4757B70086DAAB /* gles_map_render.c */,
				2CD3D12E1D4757B70086DAAB /* gles_marker_layer.c */,
				2CD3D12F1D4757B70086DAAB /* gles_matrix.c */,
				2CD3D1301D4757B70086DAAB /* gles_scene_render.c */,
				2CD3D1311D4757B70086DAAB /* gles_scene_touchmgr.c */,
				2CD3D1331D4757B70086DAAB /* gles_texture_png.c */,
				2CD3D1341D4757B70086DAAB /* gles_touchmgr.c */,
				2CD3D1351D4757B70086DAAB /* gles_unit_layer.c */,
				2CD3D1361D4757B70086DAAB /* gles_utils.c */,
				2CD3D1371D4757B70086DAAB /* gles_vec_layer.c */,
			);
			path = src;
			sourceTree = "<group>";
		};
		2CD3D14C1D4757FD0086DAAB /* freetype */ = {
			isa = PBXGroup;
			children = (
				2CD3D14D1D4757FD0086DAAB /* .Android.mk.swp */,
				2CD3D14E1D4757FD0086DAAB /* Android.mk */,
				2CD3D14F1D4757FD0086DAAB /* include */,
				2CD3D1A81D4757FD0086DAAB /* src */,
			);
			path = freetype;
			sourceTree = "<group>";
		};
		2CD3D14F1D4757FD0086DAAB /* include */ = {
			isa = PBXGroup;
			children = (
				2CD3D1501D4757FD0086DAAB /* freetype */,
				2CD3D1A71D4757FD0086DAAB /* ft2build.h */,
			);
			path = include;
			sourceTree = "<group>";
		};
		2CD3D1501D4757FD0086DAAB /* freetype */ = {
			isa = PBXGroup;
			children = (
				2CD3D1511D4757FD0086DAAB /* config */,
				2CD3D1571D4757FD0086DAAB /* freetype.h */,
				2CD3D1581D4757FD0086DAAB /* ftadvanc.h */,
				2CD3D1591D4757FD0086DAAB /* ftbbox.h */,
				2CD3D15A1D4757FD0086DAAB /* ftbdf.h */,
				2CD3D15B1D4757FD0086DAAB /* ftbitmap.h */,
				2CD3D15C1D4757FD0086DAAB /* ftcache.h */,
				2CD3D15D1D4757FD0086DAAB /* ftchapters.h */,
				2CD3D15E1D4757FD0086DAAB /* ftcid.h */,
				2CD3D15F1D4757FD0086DAAB /* fterrdef.h */,
				2CD3D1601D4757FD0086DAAB /* fterrors.h */,
				2CD3D1611D4757FD0086DAAB /* ftgasp.h */,
				2CD3D1621D4757FD0086DAAB /* ftglyph.h */,
				2CD3D1631D4757FD0086DAAB /* ftgxval.h */,
				2CD3D1641D4757FD0086DAAB /* ftgzip.h */,
				2CD3D1651D4757FD0086DAAB /* ftimage.h */,
				2CD3D1661D4757FD0086DAAB /* ftincrem.h */,
				2CD3D1671D4757FD0086DAAB /* ftlcdfil.h */,
				2CD3D1681D4757FD0086DAAB /* ftlist.h */,
				2CD3D1691D4757FD0086DAAB /* ftlzw.h */,
				2CD3D16A1D4757FD0086DAAB /* ftmac.h */,
				2CD3D16B1D4757FD0086DAAB /* ftmm.h */,
				2CD3D16C1D4757FD0086DAAB /* ftmodapi.h */,
				2CD3D16D1D4757FD0086DAAB /* ftmoderr.h */,
				2CD3D16E1D4757FD0086DAAB /* ftotval.h */,
				2CD3D16F1D4757FD0086DAAB /* ftoutln.h */,
				2CD3D1701D4757FD0086DAAB /* ftpfr.h */,
				2CD3D1711D4757FD0086DAAB /* ftrender.h */,
				2CD3D1721D4757FD0086DAAB /* ftsizes.h */,
				2CD3D1731D4757FD0086DAAB /* ftsnames.h */,
				2CD3D1741D4757FD0086DAAB /* ftstroke.h */,
				2CD3D1751D4757FD0086DAAB /* ftsynth.h */,
				2CD3D1761D4757FD0086DAAB /* ftsystem.h */,
				2CD3D1771D4757FD0086DAAB /* fttrigon.h */,
				2CD3D1781D4757FD0086DAAB /* fttypes.h */,
				2CD3D1791D4757FD0086DAAB /* ftwinfnt.h */,
				2CD3D17A1D4757FD0086DAAB /* ftxf86.h */,
				2CD3D17B1D4757FD0086DAAB /* internal */,
				2CD3D1A21D4757FD0086DAAB /* t1tables.h */,
				2CD3D1A31D4757FD0086DAAB /* ttnameid.h */,
				2CD3D1A41D4757FD0086DAAB /* tttables.h */,
				2CD3D1A51D4757FD0086DAAB /* tttags.h */,
				2CD3D1A61D4757FD0086DAAB /* ttunpat.h */,
			);
			path = freetype;
			sourceTree = "<group>";
		};
		2CD3D1511D4757FD0086DAAB /* config */ = {
			isa = PBXGroup;
			children = (
				2CD3D1521D4757FD0086DAAB /* ftconfig.h */,
				2CD3D1531D4757FD0086DAAB /* ftheader.h */,
				2CD3D1541D4757FD0086DAAB /* ftmodule.h */,
				2CD3D1551D4757FD0086DAAB /* ftoption.h */,
				2CD3D1561D4757FD0086DAAB /* ftstdlib.h */,
			);
			path = config;
			sourceTree = "<group>";
		};
		2CD3D17B1D4757FD0086DAAB /* internal */ = {
			isa = PBXGroup;
			children = (
				2CD3D17C1D4757FD0086DAAB /* autohint.h */,
				2CD3D17D1D4757FD0086DAAB /* ftcalc.h */,
				2CD3D17E1D4757FD0086DAAB /* ftdebug.h */,
				2CD3D17F1D4757FD0086DAAB /* ftdriver.h */,
				2CD3D1801D4757FD0086DAAB /* ftgloadr.h */,
				2CD3D1811D4757FD0086DAAB /* ftmemory.h */,
				2CD3D1821D4757FD0086DAAB /* ftobjs.h */,
				2CD3D1831D4757FD0086DAAB /* ftpic.h */,
				2CD3D1841D4757FD0086DAAB /* ftrfork.h */,
				2CD3D1851D4757FD0086DAAB /* ftserv.h */,
				2CD3D1861D4757FD0086DAAB /* ftstream.h */,
				2CD3D1871D4757FD0086DAAB /* fttrace.h */,
				2CD3D1881D4757FD0086DAAB /* ftvalid.h */,
				2CD3D1891D4757FD0086DAAB /* internal.h */,
				2CD3D18A1D4757FD0086DAAB /* pcftypes.h */,
				2CD3D18B1D4757FD0086DAAB /* psaux.h */,
				2CD3D18C1D4757FD0086DAAB /* pshints.h */,
				2CD3D18D1D4757FD0086DAAB /* services */,
				2CD3D19F1D4757FD0086DAAB /* sfnt.h */,
				2CD3D1A01D4757FD0086DAAB /* t1types.h */,
				2CD3D1A11D4757FD0086DAAB /* tttypes.h */,
			);
			path = internal;
			sourceTree = "<group>";
		};
		2CD3D18D1D4757FD0086DAAB /* services */ = {
			isa = PBXGroup;
			children = (
				2CD3D18E1D4757FD0086DAAB /* svbdf.h */,
				2CD3D18F1D4757FD0086DAAB /* svcid.h */,
				2CD3D1901D4757FD0086DAAB /* svgldict.h */,
				2CD3D1911D4757FD0086DAAB /* svgxval.h */,
				2CD3D1921D4757FD0086DAAB /* svkern.h */,
				2CD3D1931D4757FD0086DAAB /* svmm.h */,
				2CD3D1941D4757FD0086DAAB /* svotval.h */,
				2CD3D1951D4757FD0086DAAB /* svpfr.h */,
				2CD3D1961D4757FD0086DAAB /* svpostnm.h */,
				2CD3D1971D4757FD0086DAAB /* svpscmap.h */,
				2CD3D1981D4757FD0086DAAB /* svpsinfo.h */,
				2CD3D1991D4757FD0086DAAB /* svsfnt.h */,
				2CD3D19A1D4757FD0086DAAB /* svttcmap.h */,
				2CD3D19B1D4757FD0086DAAB /* svtteng.h */,
				2CD3D19C1D4757FD0086DAAB /* svttglyf.h */,
				2CD3D19D1D4757FD0086DAAB /* svwinfnt.h */,
				2CD3D19E1D4757FD0086DAAB /* svxf86nm.h */,
			);
			path = services;
			sourceTree = "<group>";
		};
		2CD3D1A81D4757FD0086DAAB /* src */ = {
			isa = PBXGroup;
			children = (
				2CD3D1A91D4757FD0086DAAB /* autofit */,
				2CD3D1C51D4757FD0086DAAB /* base */,
				2CD3D1F31D4757FD0086DAAB /* cff */,
				2CD3D2171D4757FD0086DAAB /* pshinter */,
				2CD3D2241D4757FD0086DAAB /* psnames */,
				2CD3D22C1D4757FD0086DAAB /* raster */,
				2CD3D2361D4757FD0086DAAB /* sfnt */,
				2CD3D24F1D4757FD0086DAAB /* smooth */,
				2CD3D2581D4757FD0086DAAB /* truetype */,
			);
			path = src;
			sourceTree = "<group>";
		};
		2CD3D1A91D4757FD0086DAAB /* autofit */ = {
			isa = PBXGroup;
			children = (
				2CD3D1C41D4757FD0086DAAB /* autofit.c */,
			);
			path = autofit;
			sourceTree = "<group>";
		};
		2CD3D1C51D4757FD0086DAAB /* base */ = {
			isa = PBXGroup;
			children = (
				2CD3D1CA1D4757FD0086DAAB /* ftbase.c */,
				2CD3D1CB1D4757FD0086DAAB /* ftbase.h */,
				2CD3D1CC1D4757FD0086DAAB /* ftbbox.c */,
				2CD3D1CD1D4757FD0086DAAB /* ftbitmap.c */,
				2CD3D1D11D4757FD0086DAAB /* ftfstype.c */,
				2CD3D1D21D4757FD0086DAAB /* ftgasp.c */,
				2CD3D1D41D4757FD0086DAAB /* ftglyph.c */,
				2CD3D1D51D4757FD0086DAAB /* ftinit.c */,
				2CD3D1D61D4757FD0086DAAB /* ftlcdfil.c */,
				2CD3D1DF1D4757FD0086DAAB /* ftstroke.c */,
				2CD3D1E11D4757FD0086DAAB /* ftsystem.c */,
				2CD3D1E31D4757FD0086DAAB /* fttype1.c */,
				2CD3D1E61D4757FD0086DAAB /* ftxf86.c */,
			);
			path = base;
			sourceTree = "<group>";
		};
		2CD3D1F31D4757FD0086DAAB /* cff */ = {
			isa = PBXGroup;
			children = (
				2CD3D1F41D4757FD0086DAAB /* cff.c */,
			);
			path = cff;
			sourceTree = "<group>";
		};
		2CD3D2171D4757FD0086DAAB /* pshinter */ = {
			isa = PBXGroup;
			children = (
				2CD3D21C1D4757FD0086DAAB /* pshinter.c */,
			);
			path = pshinter;
			sourceTree = "<group>";
		};
		2CD3D2241D4757FD0086DAAB /* psnames */ = {
			isa = PBXGroup;
			children = (
				2CD3D2281D4757FD0086DAAB /* psnames.c */,
			);
			path = psnames;
			sourceTree = "<group>";
		};
		2CD3D22C1D4757FD0086DAAB /* raster */ = {
			isa = PBXGroup;
			children = (
				2CD3D2321D4757FD0086DAAB /* raster.c */,
			);
			path = raster;
			sourceTree = "<group>";
		};
		2CD3D2361D4757FD0086DAAB /* sfnt */ = {
			isa = PBXGroup;
			children = (
				2CD3D23A1D4757FD0086DAAB /* sfnt.c */,
			);
			path = sfnt;
			sourceTree = "<group>";
		};
		2CD3D24F1D4757FD0086DAAB /* smooth */ = {
			isa = PBXGroup;
			children = (
				2CD3D2571D4757FD0086DAAB /* smooth.c */,
			);
			path = smooth;
			sourceTree = "<group>";
		};
		2CD3D2581D4757FD0086DAAB /* truetype */ = {
			isa = PBXGroup;
			children = (
				2CD3D2591D4757FD0086DAAB /* truetype.c */,
			);
			path = truetype;
			sourceTree = "<group>";
		};
		2CD3D2E41D4758900086DAAB /* libpng */ = {
			isa = PBXGroup;
			children = (
				2CD3D2E51D4758900086DAAB /* 1.5.13.txt */,
				2CD3D2E61D4758900086DAAB /* Android.mk */,
				2CD3D2E71D4758900086DAAB /* png.c */,
				2CD3D2E81D4758900086DAAB /* png.h */,
				2CD3D2E91D4758900086DAAB /* pngconf.h */,
				2CD3D2EA1D4758900086DAAB /* pngdebug.h */,
				2CD3D2EB1D4758900086DAAB /* pngerror.c */,
				2CD3D2EC1D4758900086DAAB /* pngget.c */,
				2CD3D2ED1D4758900086DAAB /* pnginfo.h */,
				2CD3D2EE1D4758900086DAAB /* pnglibconf.h */,
				2CD3D2EF1D4758900086DAAB /* pngmem.c */,
				2CD3D2F01D4758900086DAAB /* pngpread.c */,
				2CD3D2F11D4758900086DAAB /* pngpriv.h */,
				2CD3D2F21D4758900086DAAB /* pngread.c */,
				2CD3D2F31D4758900086DAAB /* pngrio.c */,
				2CD3D2F41D4758900086DAAB /* pngrtran.c */,
				2CD3D2F51D4758900086DAAB /* pngrutil.c */,
				2CD3D2F61D4758900086DAAB /* pngset.c */,
				2CD3D2F71D4758900086DAAB /* pngstruct.h */,
				2CD3D2F91D4758900086DAAB /* pngtrans.c */,
				2CD3D2FA1D4758900086DAAB /* pngwio.c */,
				2CD3D2FB1D4758900086DAAB /* pngwrite.c */,
				2CD3D2FC1D4758900086DAAB /* pngwtran.c */,
				2CD3D2FD1D4758900086DAAB /* pngwutil.c */,
				2CD3D2FE1D4758900086DAAB /* README */,
			);
			path = libpng;
			sourceTree = "<group>";
		};
/* End PBXGroup section */

/* Begin PBXNativeTarget section */
		2C61E89C1D3F6AAA006CAB09 /* TestOpengles */ = {
			isa = PBXNativeTarget;
			buildConfigurationList = 2C61E8B41D3F6AAA006CAB09 /* Build configuration list for PBXNativeTarget "TestOpengles" */;
			buildPhases = (
				2C61E8991D3F6AAA006CAB09 /* Sources */,
				2C61E89A1D3F6AAA006CAB09 /* Frameworks */,
				2C61E89B1D3F6AAA006CAB09 /* Resources */,
			);
			buildRules = (
			);
			dependencies = (
			);
			name = TestOpengles;
			productName = TestOpengles;
			productReference = 2C61E89D1D3F6AAA006CAB09 /* TestOpengles.app */;
			productType = "com.apple.product-type.application";
		};
/* End PBXNativeTarget section */

/* Begin PBXProject section */
		2C61E8951D3F6AAA006CAB09 /* Project object */ = {
			isa = PBXProject;
			attributes = {
				LastUpgradeCheck = 0730;
				ORGANIZATIONNAME = yellfun;
				TargetAttributes = {
					2C61E89C1D3F6AAA006CAB09 = {
						CreatedOnToolsVersion = 7.3;
					};
				};
			};
			buildConfigurationList = 2C61E8981D3F6AAA006CAB09 /* Build configuration list for PBXProject "TestOpengles" */;
			compatibilityVersion = "Xcode 3.2";
			developmentRegion = English;
			hasScannedForEncodings = 0;
			knownRegions = (
				en,
				Base,
			);
			mainGroup = 2C61E8941D3F6AAA006CAB09;
			productRefGroup = 2C61E89E1D3F6AAA006CAB09 /* Products */;
			projectDirPath = "";
			projectRoot = "";
			targets = (
				2C61E89C1D3F6AAA006CAB09 /* TestOpengles */,
			);
		};
/* End PBXProject section */

/* Begin PBXResourcesBuildPhase section */
		2C61E89B1D3F6AAA006CAB09 /* Resources */ = {
			isa = PBXResourcesBuildPhase;
			buildActionMask = 2147483647;
			files = (
				2CE450061D5AF53C006940F2 /* LE.vbf in Resources */,
				2CD3D26A1D4757FD0086DAAB /* Android.mk in Resources */,
				2CE450021D59E3A8006940F2 /* Media.xcassets in Resources */,
				2CD3D2691D4757FD0086DAAB /* .Android.mk.swp in Resources */,
				2CD3D2FF1D4758900086DAAB /* 1.5.13.txt in Resources */,
				2C61E8B01D3F6AAA006CAB09 /* LaunchScreen.storyboard in Resources */,
				2CD3D3111D4758900086DAAB /* README in Resources */,
				2CE450041D59E5DE006940F2 /* glres in Resources */,
				2CD3D3001D4758900086DAAB /* Android.mk in Resources */,
				2C61E8AD1D3F6AAA006CAB09 /* Assets.xcassets in Resources */,
				2C61E8AB1D3F6AAA006CAB09 /* Main.storyboard in Resources */,
				2CD57D691D5483520089332F /* SimpleVertex.glsl in Resources */,
				2CD57D6B1D5483EA0089332F /* SimpleFragment.glsl in Resources */,
			);
			runOnlyForDeploymentPostprocessing = 0;
		};
/* End PBXResourcesBuildPhase section */

/* Begin PBXSourcesBuildPhase section */
		2C61E8991D3F6AAA006CAB09 /* Sources */ = {
			isa = PBXSourcesBuildPhase;
			buildActionMask = 2147483647;
			files = (
				2C1F60F31D47620800226C78 /* list.c in Sources */,
				2C1F61281D47622800226C78 /* vec2.c in Sources */,
				2CD3D2CA1D4757FD0086DAAB /* truetype.c in Sources */,
				2CD3D2771D4757FD0086DAAB /* autofit.c in Sources */,
				2CE450051D5ABE50006940F2 /* gles_marker_layer.c in Sources */,
				2CD3D30F1D4758900086DAAB /* pngwtran.c in Sources */,
				2CD3D13D1D4757B70086DAAB /* gles_font.c in Sources */,
				2CD3D3061D4758900086DAAB /* pngread.c in Sources */,
				2CD3D14A1D4757B70086DAAB /* gles_utils.c in Sources */,
				2C1F60F71D47620800226C78 /* seq.c in Sources */,
				2CD3D30A1D4758900086DAAB /* pngset.c in Sources */,
				2C0CB2281D589897007F6A0F /* MapRender.m in Sources */,
				2CD3D1491D4757B70086DAAB /* gles_unit_layer.c in Sources */,
				2C1F61271D47622800226C78 /* utils.c in Sources */,
				2C1F611F1D47622800226C78 /* envelop.c in Sources */,
				2CD3D13A1D4757B70086DAAB /* gles_2d_c_program.c in Sources */,
				2C1F60EF1D47620800226C78 /* atom.c in Sources */,
				2C1F60FB1D47620800226C78 /* table.c in Sources */,
				2C1F60EC1D47620800226C78 /* arith.c in Sources */,
				2CD3D1411D4757B70086DAAB /* gles_map_render.c in Sources */,
				2C1F60FC1D47620800226C78 /* text.c in Sources */,
				2C1F60F01D47620800226C78 /* except.c in Sources */,
				2CD3D2841D4757FD0086DAAB /* ftglyph.c in Sources */,
				2C1F61231D47622800226C78 /* quadtree.c in Sources */,
				2CD3D13F1D4757B70086DAAB /* gles_map.c in Sources */,
				2CD3D2911D4757FD0086DAAB /* ftsystem.c in Sources */,
				2C1F61261D47622800226C78 /* textblock.c in Sources */,
				2C61E8A81D3F6AAA006CAB09 /* ViewController.m in Sources */,
				2C1F60F91D47620800226C78 /* sparsearray.c in Sources */,
				2C1F61211D47622800226C78 /* qcdt.c in Sources */,
				2C1F61201D47622800226C78 /* mover.c in Sources */,
				2CD3D2821D4757FD0086DAAB /* ftgasp.c in Sources */,
				2CD3D2851D4757FD0086DAAB /* ftinit.c in Sources */,
				2CD3D2961D4757FD0086DAAB /* ftxf86.c in Sources */,
				2CD3D27D1D4757FD0086DAAB /* ftbitmap.c in Sources */,
				2C61E8A51D3F6AAA006CAB09 /* AppDelegate.m in Sources */,
				2CD3D13E1D4757B70086DAAB /* gles_loc_layer.c in Sources */,
				2CD57D6E1D5493950089332F /* GLESUtils.m in Sources */,
				2CD3D13C1D4757B70086DAAB /* gles_3d_c_program.c in Sources */,
				2CD3D3091D4758900086DAAB /* pngrutil.c in Sources */,
				2C1F60EE1D47620800226C78 /* assert.c in Sources */,
				2CD3D3081D4758900086DAAB /* pngrtran.c in Sources */,
				2CD3D3101D4758900086DAAB /* pngwutil.c in Sources */,
				2CD3D30C1D4758900086DAAB /* pngtrans.c in Sources */,
				2CD3D3011D4758900086DAAB /* png.c in Sources */,
				2CD3D1381D4757B70086DAAB /* gles_25d_c_program.c in Sources */,
				2C1F60F21D47620800226C78 /* indexminpq.c in Sources */,
				2C1F60F11D47620800226C78 /* getword.c in Sources */,
				2CD3D3031D4758900086DAAB /* pngget.c in Sources */,
				2CD3D3071D4758900086DAAB /* pngrio.c in Sources */,
				2CD3D3021D4758900086DAAB /* pngerror.c in Sources */,
				2C0CB1CC1D583422007F6A0F /* MapViewController.m in Sources */,
				2CD3D1401D4757B70086DAAB /* gles_map_animation.c in Sources */,
				2C1F60F81D47620800226C78 /* set.c in Sources */,
				2CD3D3041D4758900086DAAB /* pngmem.c in Sources */,
				2CD3D28F1D4757FD0086DAAB /* ftstroke.c in Sources */,
				2CD3D27B1D4757FD0086DAAB /* ftbase.c in Sources */,
				2C1F61221D47622800226C78 /* quadnode.c in Sources */,
				2CD3D3051D4758900086DAAB /* pngpread.c in Sources */,
				2CD3D1451D4757B70086DAAB /* gles_scene_touchmgr.c in Sources */,
				2CD3D2BB1D4757FD0086DAAB /* sfnt.c in Sources */,
				2CD3D27C1D4757FD0086DAAB /* ftbbox.c in Sources */,
				2CD3D2AF1D4757FD0086DAAB /* pshinter.c in Sources */,
				2CD3D1471D4757B70086DAAB /* gles_texture_png.c in Sources */,
				2CD3D2811D4757FD0086DAAB /* ftfstype.c in Sources */,
				2CD3D1441D4757B70086DAAB /* gles_scene_render.c in Sources */,
				2C1F60EB1D47620800226C78 /* arena.c in Sources */,
				2CD3D29D1D4757FD0086DAAB /* cff.c in Sources */,
				2CD3D1391D4757B70086DAAB /* gles_25vec_layer.c in Sources */,
				2C1F61241D47622800226C78 /* rbst.c in Sources */,
				2CD3D30D1D4758900086DAAB /* pngwio.c in Sources */,
				2C1F60FA1D47620800226C78 /* str.c in Sources */,
				2CD3D2931D4757FD0086DAAB /* fttype1.c in Sources */,
				2CD3D2861D4757FD0086DAAB /* ftlcdfil.c in Sources */,
				2CD3D1431D4757B70086DAAB /* gles_matrix.c in Sources */,
				2CD3D13B1D4757B70086DAAB /* gles_2d_t_program.c in Sources */,
				2C1F60F51D47620800226C78 /* memchk.c in Sources */,
				2C1F611E1D47622800226C78 /* color.c in Sources */,
				2CD3D2B81D4757FD0086DAAB /* raster.c in Sources */,
				2CD3D14B1D4757B70086DAAB /* gles_vec_layer.c in Sources */,
				2CD3D30E1D4758900086DAAB /* pngwrite.c in Sources */,
				2CD3D1481D4757B70086DAAB /* gles_touchmgr.c in Sources */,
				2C1F61251D47622800226C78 /* routeresult.c in Sources */,
				2C1F60ED1D47620800226C78 /* array.c in Sources */,
				2C1F60F61D47620800226C78 /* ring.c in Sources */,
				2CD3D2C91D4757FD0086DAAB /* smooth.c in Sources */,
				2C61E8A21D3F6AAA006CAB09 /* main.m in Sources */,
				2CD3D2B41D4757FD0086DAAB /* psnames.c in Sources */,
			);
			runOnlyForDeploymentPostprocessing = 0;
		};
/* End PBXSourcesBuildPhase section */

/* Begin PBXVariantGroup section */
		2C61E8A91D3F6AAA006CAB09 /* Main.storyboard */ = {
			isa = PBXVariantGroup;
			children = (
				2C61E8AA1D3F6AAA006CAB09 /* Base */,
			);
			name = Main.storyboard;
			sourceTree = "<group>";
		};
		2C61E8AE1D3F6AAA006CAB09 /* LaunchScreen.storyboard */ = {
			isa = PBXVariantGroup;
			children = (
				2C61E8AF1D3F6AAA006CAB09 /* Base */,
			);
			name = LaunchScreen.storyboard;
			sourceTree = "<group>";
		};
/* End PBXVariantGroup section */

/* Begin XCBuildConfiguration section */
		2C61E8B21D3F6AAA006CAB09 /* Debug */ = {
			isa = XCBuildConfiguration;
			buildSettings = {
				ALWAYS_SEARCH_USER_PATHS = NO;
				CLANG_ANALYZER_NONNULL = YES;
				CLANG_CXX_LANGUAGE_STANDARD = "gnu++0x";
				CLANG_CXX_LIBRARY = "libc++";
				CLANG_ENABLE_MODULES = YES;
				CLANG_ENABLE_OBJC_ARC = YES;
				CLANG_WARN_BOOL_CONVERSION = YES;
				CLANG_WARN_CONSTANT_CONVERSION = YES;
				CLANG_WARN_DIRECT_OBJC_ISA_USAGE = YES_ERROR;
				CLANG_WARN_EMPTY_BODY = YES;
				CLANG_WARN_ENUM_CONVERSION = YES;
				CLANG_WARN_INT_CONVERSION = YES;
				CLANG_WARN_OBJC_ROOT_CLASS = YES_ERROR;
				CLANG_WARN_UNREACHABLE_CODE = YES;
				CLANG_WARN__DUPLICATE_METHOD_MATCH = YES;
				"CODE_SIGN_IDENTITY[sdk=iphoneos*]" = "iPhone Developer";
				COPY_PHASE_STRIP = NO;
				DEBUG_INFORMATION_FORMAT = dwarf;
				ENABLE_STRICT_OBJC_MSGSEND = YES;
				ENABLE_TESTABILITY = YES;
				GCC_C_LANGUAGE_STANDARD = gnu99;
				GCC_DYNAMIC_NO_PIC = NO;
				GCC_NO_COMMON_BLOCKS = YES;
				GCC_OPTIMIZATION_LEVEL = 0;
				GCC_PREPROCESSOR_DEFINITIONS = (
					"DEBUG=1",
					"$(inherited)",
				);
				GCC_WARN_64_TO_32_BIT_CONVERSION = YES;
				GCC_WARN_ABOUT_RETURN_TYPE = YES_ERROR;
				GCC_WARN_UNDECLARED_SELECTOR = YES;
				GCC_WARN_UNINITIALIZED_AUTOS = YES_AGGRESSIVE;
				GCC_WARN_UNUSED_FUNCTION = YES;
				GCC_WARN_UNUSED_VARIABLE = YES;
				IPHONEOS_DEPLOYMENT_TARGET = 9.3;
				MTL_ENABLE_DEBUG_INFO = YES;
				ONLY_ACTIVE_ARCH = YES;
				SDKROOT = iphoneos;
			};
			name = Debug;
		};
		2C61E8B31D3F6AAA006CAB09 /* Release */ = {
			isa = XCBuildConfiguration;
			buildSettings = {
				ALWAYS_SEARCH_USER_PATHS = NO;
				CLANG_ANALYZER_NONNULL = YES;
				CLANG_CXX_LANGUAGE_STANDARD = "gnu++0x";
				CLANG_CXX_LIBRARY = "libc++";
				CLANG_ENABLE_MODULES = YES;
				CLANG_ENABLE_OBJC_ARC = YES;
				CLANG_WARN_BOOL_CONVERSION = YES;
				CLANG_WARN_CONSTANT_CONVERSION = YES;
				CLANG_WARN_DIRECT_OBJC_ISA_USAGE = YES_ERROR;
				CLANG_WARN_EMPTY_BODY = YES;
				CLANG_WARN_ENUM_CONVERSION = YES;
				CLANG_WARN_INT_CONVERSION = YES;
				CLANG_WARN_OBJC_ROOT_CLASS = YES_ERROR;
				CLANG_WARN_UNREACHABLE_CODE = YES;
				CLANG_WARN__DUPLICATE_METHOD_MATCH = YES;
				"CODE_SIGN_IDENTITY[sdk=iphoneos*]" = "iPhone Developer";
				COPY_PHASE_STRIP = NO;
				DEBUG_INFORMATION_FORMAT = "dwarf-with-dsym";
				ENABLE_NS_ASSERTIONS = NO;
				ENABLE_STRICT_OBJC_MSGSEND = YES;
				GCC_C_LANGUAGE_STANDARD = gnu99;
				GCC_NO_COMMON_BLOCKS = YES;
				GCC_WARN_64_TO_32_BIT_CONVERSION = YES;
				GCC_WARN_ABOUT_RETURN_TYPE = YES_ERROR;
				GCC_WARN_UNDECLARED_SELECTOR = YES;
				GCC_WARN_UNINITIALIZED_AUTOS = YES_AGGRESSIVE;
				GCC_WARN_UNUSED_FUNCTION = YES;
				GCC_WARN_UNUSED_VARIABLE = YES;
				IPHONEOS_DEPLOYMENT_TARGET = 9.3;
				MTL_ENABLE_DEBUG_INFO = NO;
				SDKROOT = iphoneos;
				VALIDATE_PRODUCT = YES;
			};
			name = Release;
		};
		2C61E8B51D3F6AAA006CAB09 /* Debug */ = {
			isa = XCBuildConfiguration;
			buildSettings = {
				ALWAYS_SEARCH_USER_PATHS = YES;
				ASSETCATALOG_COMPILER_APPICON_NAME = AppIcon;
				CLANG_CXX_LANGUAGE_STANDARD = "gnu++0x";
				GCC_C_LANGUAGE_STANDARD = c11;
				GCC_PREPROCESSOR_DEFINITIONS = (
					"DEBUG=1",
					"$(inherited)",
				);
				HEADER_SEARCH_PATHS = (
					TestOpengles/freetype/src/,
					TestOpengles/freetype/include/,
				);
				INFOPLIST_FILE = TestOpengles/Info.plist;
				LD_RUNPATH_SEARCH_PATHS = "$(inherited) @executable_path/Frameworks";
				ONLY_ACTIVE_ARCH = NO;
				PRODUCT_BUNDLE_IDENTIFIER = com.yellfun.TestOpengles;
				PRODUCT_NAME = "$(TARGET_NAME)";
			};
			name = Debug;
		};
		2C61E8B61D3F6AAA006CAB09 /* Release */ = {
			isa = XCBuildConfiguration;
			buildSettings = {
				ALWAYS_SEARCH_USER_PATHS = YES;
				ASSETCATALOG_COMPILER_APPICON_NAME = AppIcon;
				CLANG_CXX_LANGUAGE_STANDARD = "gnu++0x";
				GCC_C_LANGUAGE_STANDARD = gnu11;
				HEADER_SEARCH_PATHS = (
					TestOpengles/freetype/src/,
					TestOpengles/freetype/include/,
				);
				INFOPLIST_FILE = TestOpengles/Info.plist;
				LD_RUNPATH_SEARCH_PATHS = "$(inherited) @executable_path/Frameworks";
				PRODUCT_BUNDLE_IDENTIFIER = com.yellfun.TestOpengles;
				PRODUCT_NAME = "$(TARGET_NAME)";
			};
			name = Release;
		};
/* End XCBuildConfiguration section */

/* Begin XCConfigurationList section */
		2C61E8981D3F6AAA006CAB09 /* Build configuration list for PBXProject "TestOpengles" */ = {
			isa = XCConfigurationList;
			buildConfigurations = (
				2C61E8B21D3F6AAA006CAB09 /* Debug */,
				2C61E8B31D3F6AAA006CAB09 /* Release */,
			);
			defaultConfigurationIsVisible = 0;
			defaultConfigurationName = Release;
		};
		2C61E8B41D3F6AAA006CAB09 /* Build configuration list for PBXNativeTarget "TestOpengles" */ = {
			isa = XCConfigurationList;
			buildConfigurations = (
				2C61E8B51D3F6AAA006CAB09 /* Debug */,
				2C61E8B61D3F6AAA006CAB09 /* Release */,
			);
			defaultConfigurationIsVisible = 0;
			defaultConfigurationName = Release;
		};
/* End XCConfigurationList section */
	};
	rootObject = 2C61E8951D3F6AAA006CAB09 /* Project object */;
}
